// !$*UTF8*$!
{
	archiveVersion = 1;
	classes = {
	};
	objectVersion = 46;
	objects = {

/* Begin PBXBuildFile section */
		C40BE6AF1DF51DA900F6C200 /* UserViewController.swift in Sources */ = {isa = PBXBuildFile; fileRef = C40BE6AE1DF51DA900F6C200 /* UserViewController.swift */; };
		C40BE6B11DF51DC700F6C200 /* SellViewController.swift in Sources */ = {isa = PBXBuildFile; fileRef = C40BE6B01DF51DC700F6C200 /* SellViewController.swift */; };
		C44630711DEC1A990052E83F /* lanjs.js in Resources */ = {isa = PBXBuildFile; fileRef = C44630701DEC1A990052E83F /* lanjs.js */; };
		C44630B31DEDD96E0052E83F /* OCFunction.m in Sources */ = {isa = PBXBuildFile; fileRef = C44630B21DEDD96E0052E83F /* OCFunction.m */; };
		DCB045171DDF40280014D479 /* AppDelegate.swift in Sources */ = {isa = PBXBuildFile; fileRef = DCB045161DDF40280014D479 /* AppDelegate.swift */; };
		DCB045191DDF40280014D479 /* ViewController.swift in Sources */ = {isa = PBXBuildFile; fileRef = DCB045181DDF40280014D479 /* ViewController.swift */; };
		DCB0451C1DDF40280014D479 /* Main.storyboard in Resources */ = {isa = PBXBuildFile; fileRef = DCB0451A1DDF40280014D479 /* Main.storyboard */; };
		DCB0451F1DDF40280014D479 /* IOSrome.xcdatamodeld in Sources */ = {isa = PBXBuildFile; fileRef = DCB0451D1DDF40280014D479 /* IOSrome.xcdatamodeld */; };
		DCB045211DDF40280014D479 /* Assets.xcassets in Resources */ = {isa = PBXBuildFile; fileRef = DCB045201DDF40280014D479 /* Assets.xcassets */; };
		DCB045241DDF40280014D479 /* LaunchScreen.storyboard in Resources */ = {isa = PBXBuildFile; fileRef = DCB045221DDF40280014D479 /* LaunchScreen.storyboard */; };
/* End PBXBuildFile section */

/* Begin PBXFileReference section */
		C40BE6AE1DF51DA900F6C200 /* UserViewController.swift */ = {isa = PBXFileReference; fileEncoding = 4; lastKnownFileType = sourcecode.swift; path = UserViewController.swift; sourceTree = "<group>"; };
		C40BE6B01DF51DC700F6C200 /* SellViewController.swift */ = {isa = PBXFileReference; fileEncoding = 4; lastKnownFileType = sourcecode.swift; path = SellViewController.swift; sourceTree = "<group>"; };
		C422AF281DF48DFD00DD2AF1 /* libz.tbd */ = {isa = PBXFileReference; lastKnownFileType = "sourcecode.text-based-dylib-definition"; name = libz.tbd; path = usr/lib/libz.tbd; sourceTree = SDKROOT; };
		C422AF2A1DF48FF600DD2AF1 /* Gzip.framework */ = {isa = PBXFileReference; lastKnownFileType = wrapper.framework; name = Gzip.framework; path = IOSrome/Gzip.framework; sourceTree = "<group>"; };
		C44630701DEC1A990052E83F /* lanjs.js */ = {isa = PBXFileReference; fileEncoding = 4; lastKnownFileType = sourcecode.javascript; path = lanjs.js; sourceTree = "<group>"; };
		C44630B11DEDD96E0052E83F /* IOSrome-Bridging-Header.h */ = {isa = PBXFileReference; lastKnownFileType = sourcecode.c.h; path = "IOSrome-Bridging-Header.h"; sourceTree = "<group>"; };
		C44630B21DEDD96E0052E83F /* OCFunction.m */ = {isa = PBXFileReference; fileEncoding = 4; lastKnownFileType = sourcecode.c.objc; path = OCFunction.m; sourceTree = "<group>"; };
		C44630B41DEDDA840052E83F /* CustomeObject.h */ = {isa = PBXFileReference; lastKnownFileType = sourcecode.c.h; path = CustomeObject.h; sourceTree = "<group>"; };
		DCB045131DDF40280014D479 /* IOSrome.app */ = {isa = PBXFileReference; explicitFileType = wrapper.application; includeInIndex = 0; path = IOSrome.app; sourceTree = BUILT_PRODUCTS_DIR; };
		DCB045161DDF40280014D479 /* AppDelegate.swift */ = {isa = PBXFileReference; lastKnownFileType = sourcecode.swift; path = AppDelegate.swift; sourceTree = "<group>"; };
		DCB045181DDF40280014D479 /* ViewController.swift */ = {isa = PBXFileReference; lastKnownFileType = sourcecode.swift; path = ViewController.swift; sourceTree = "<group>"; };
		DCB0451B1DDF40280014D479 /* Base */ = {isa = PBXFileReference; lastKnownFileType = file.storyboard; name = Base; path = Base.lproj/Main.storyboard; sourceTree = "<group>"; };
		DCB0451E1DDF40280014D479 /* IOSrome.xcdatamodel */ = {isa = PBXFileReference; lastKnownFileType = wrapper.xcdatamodel; path = IOSrome.xcdatamodel; sourceTree = "<group>"; };
		DCB045201DDF40280014D479 /* Assets.xcassets */ = {isa = PBXFileReference; lastKnownFileType = folder.assetcatalog; path = Assets.xcassets; sourceTree = "<group>"; };
		DCB045231DDF40280014D479 /* Base */ = {isa = PBXFileReference; lastKnownFileType = file.storyboard; name = Base; path = Base.lproj/LaunchScreen.storyboard; sourceTree = "<group>"; };
		DCB045251DDF40280014D479 /* Info.plist */ = {isa = PBXFileReference; lastKnownFileType = text.plist.xml; path = Info.plist; sourceTree = "<group>"; };
/* End PBXFileReference section */

/* Begin PBXFrameworksBuildPhase section */
		DCB045101DDF40280014D479 /* Frameworks */ = {
			isa = PBXFrameworksBuildPhase;
			buildActionMask = 2147483647;
			files = (
			);
			runOnlyForDeploymentPostprocessing = 0;
		};
/* End PBXFrameworksBuildPhase section */

/* Begin PBXGroup section */
		C422AF271DF48DFD00DD2AF1 /* Frameworks */ = {
			isa = PBXGroup;
			children = (
				C422AF2A1DF48FF600DD2AF1 /* Gzip.framework */,
				C422AF281DF48DFD00DD2AF1 /* libz.tbd */,
			);
			name = Frameworks;
			sourceTree = "<group>";
		};
		DCB0450A1DDF40280014D479 = {
			isa = PBXGroup;
			children = (
				DCB045151DDF40280014D479 /* IOSrome */,
				DCB045141DDF40280014D479 /* Products */,
				C422AF271DF48DFD00DD2AF1 /* Frameworks */,
			);
			sourceTree = "<group>";
		};
		DCB045141DDF40280014D479 /* Products */ = {
			isa = PBXGroup;
			children = (
				DCB045131DDF40280014D479 /* IOSrome.app */,
			);
			name = Products;
			sourceTree = "<group>";
		};
		DCB045151DDF40280014D479 /* IOSrome */ = {
			isa = PBXGroup;
			children = (
				C40BE6B01DF51DC700F6C200 /* SellViewController.swift */,
				C40BE6AE1DF51DA900F6C200 /* UserViewController.swift */,
				DCB045161DDF40280014D479 /* AppDelegate.swift */,
				DCB045181DDF40280014D479 /* ViewController.swift */,
				DCB0451A1DDF40280014D479 /* Main.storyboard */,
				DCB045201DDF40280014D479 /* Assets.xcassets */,
				DCB045221DDF40280014D479 /* LaunchScreen.storyboard */,
				DCB045251DDF40280014D479 /* Info.plist */,
				DCB0451D1DDF40280014D479 /* IOSrome.xcdatamodeld */,
				C44630701DEC1A990052E83F /* lanjs.js */,
				C44630B21DEDD96E0052E83F /* OCFunction.m */,
				C44630B11DEDD96E0052E83F /* IOSrome-Bridging-Header.h */,
				C44630B41DEDDA840052E83F /* CustomeObject.h */,
			);
			path = IOSrome;
			sourceTree = "<group>";
		};
/* End PBXGroup section */

/* Begin PBXNativeTarget section */
		DCB045121DDF40280014D479 /* IOSrome */ = {
			isa = PBXNativeTarget;
			buildConfigurationList = DCB045281DDF40280014D479 /* Build configuration list for PBXNativeTarget "IOSrome" */;
			buildPhases = (
				DCB0450F1DDF40280014D479 /* Sources */,
				DCB045101DDF40280014D479 /* Frameworks */,
				DCB045111DDF40280014D479 /* Resources */,
			);
			buildRules = (
			);
			dependencies = (
			);
			name = IOSrome;
			productName = IOSrome;
			productReference = DCB045131DDF40280014D479 /* IOSrome.app */;
			productType = "com.apple.product-type.application";
		};
/* End PBXNativeTarget section */

/* Begin PBXProject section */
		DCB0450B1DDF40280014D479 /* Project object */ = {
			isa = PBXProject;
			attributes = {
				LastSwiftUpdateCheck = 0810;
				LastUpgradeCheck = 0810;
				ORGANIZATIONNAME = Lanchitour;
				TargetAttributes = {
					DCB045121DDF40280014D479 = {
						CreatedOnToolsVersion = 8.1;
						DevelopmentTeam = 32XMGVLSBF;
						LastSwiftMigration = 0810;
						ProvisioningStyle = Automatic;
					};
				};
			};
			buildConfigurationList = DCB0450E1DDF40280014D479 /* Build configuration list for PBXProject "IOSrome" */;
			compatibilityVersion = "Xcode 3.2";
			developmentRegion = English;
			hasScannedForEncodings = 0;
			knownRegions = (
				en,
				Base,
			);
			mainGroup = DCB0450A1DDF40280014D479;
			productRefGroup = DCB045141DDF40280014D479 /* Products */;
			projectDirPath = "";
			projectRoot = "";
			targets = (
				DCB045121DDF40280014D479 /* IOSrome */,
			);
		};
/* End PBXProject section */

/* Begin PBXResourcesBuildPhase section */
		DCB045111DDF40280014D479 /* Resources */ = {
			isa = PBXResourcesBuildPhase;
			buildActionMask = 2147483647;
			files = (
				DCB045241DDF40280014D479 /* LaunchScreen.storyboard in Resources */,
				DCB045211DDF40280014D479 /* Assets.xcassets in Resources */,
				DCB0451C1DDF40280014D479 /* Main.storyboard in Resources */,
				C44630711DEC1A990052E83F /* lanjs.js in Resources */,
			);
			runOnlyForDeploymentPostprocessing = 0;
		};
/* End PBXResourcesBuildPhase section */

/* Begin PBXSourcesBuildPhase section */
		DCB0450F1DDF40280014D479 /* Sources */ = {
			isa = PBXSourcesBuildPhase;
			buildActionMask = 2147483647;
			files = (
				DCB0451F1DDF40280014D479 /* IOSrome.xcdatamodeld in Sources */,
				C40BE6AF1DF51DA900F6C200 /* UserViewController.swift in Sources */,
				C40BE6B11DF51DC700F6C200 /* SellViewController.swift in Sources */,
				DCB045191DDF40280014D479 /* ViewController.swift in Sources */,
				DCB045171DDF40280014D479 /* AppDelegate.swift in Sources */,
				C44630B31DEDD96E0052E83F /* OCFunction.m in Sources */,
			);
			runOnlyForDeploymentPostprocessing = 0;
		};
/* End PBXSourcesBuildPhase section */

/* Begin PBXVariantGroup section */
		DCB0451A1DDF40280014D479 /* Main.storyboard */ = {
			isa = PBXVariantGroup;
			children = (
				DCB0451B1DDF40280014D479 /* Base */,
			);
			name = Main.storyboard;
			sourceTree = "<group>";
		};
		DCB045221DDF40280014D479 /* LaunchScreen.storyboard */ = {
			isa = PBXVariantGroup;
			children = (
				DCB045231DDF40280014D479 /* Base */,
			);
			name = LaunchScreen.storyboard;
			sourceTree = "<group>";
		};
/* End PBXVariantGroup section */

/* Begin XCBuildConfiguration section */
		DCB045261DDF40280014D479 /* Debug */ = {
			isa = XCBuildConfiguration;
			buildSettings = {
				ALWAYS_SEARCH_USER_PATHS = NO;
				CLANG_ANALYZER_NONNULL = YES;
				CLANG_CXX_LANGUAGE_STANDARD = "gnu++0x";
				CLANG_CXX_LIBRARY = "libc++";
				CLANG_ENABLE_MODULES = YES;
				CLANG_ENABLE_OBJC_ARC = YES;
				CLANG_WARN_BOOL_CONVERSION = YES;
				CLANG_WARN_CONSTANT_CONVERSION = YES;
				CLANG_WARN_DIRECT_OBJC_ISA_USAGE = YES_ERROR;
				CLANG_WARN_DOCUMENTATION_COMMENTS = YES;
				CLANG_WARN_EMPTY_BODY = YES;
				CLANG_WARN_ENUM_CONVERSION = YES;
				CLANG_WARN_INFINITE_RECURSION = YES;
				CLANG_WARN_INT_CONVERSION = YES;
				CLANG_WARN_OBJC_ROOT_CLASS = YES_ERROR;
				CLANG_WARN_SUSPICIOUS_MOVES = YES;
				CLANG_WARN_UNREACHABLE_CODE = YES;
				CLANG_WARN__DUPLICATE_METHOD_MATCH = YES;
				"CODE_SIGN_IDENTITY[sdk=iphoneos*]" = "iPhone Developer";
				COPY_PHASE_STRIP = NO;
				DEBUG_INFORMATION_FORMAT = dwarf;
				ENABLE_STRICT_OBJC_MSGSEND = YES;
				ENABLE_TESTABILITY = YES;
				GCC_C_LANGUAGE_STANDARD = gnu99;
				GCC_DYNAMIC_NO_PIC = NO;
				GCC_NO_COMMON_BLOCKS = YES;
				GCC_OPTIMIZATION_LEVEL = 0;
				GCC_PREPROCESSOR_DEFINITIONS = (
					"DEBUG=1",
					"$(inherited)",
				);
				GCC_WARN_64_TO_32_BIT_CONVERSION = YES;
				GCC_WARN_ABOUT_RETURN_TYPE = YES_ERROR;
				GCC_WARN_UNDECLARED_SELECTOR = YES;
				GCC_WARN_UNINITIALIZED_AUTOS = YES_AGGRESSIVE;
				GCC_WARN_UNUSED_FUNCTION = YES;
				GCC_WARN_UNUSED_VARIABLE = YES;
				IPHONEOS_DEPLOYMENT_TARGET = 10.1;
				MTL_ENABLE_DEBUG_INFO = YES;
				ONLY_ACTIVE_ARCH = YES;
				SDKROOT = iphoneos;
				SWIFT_ACTIVE_COMPILATION_CONDITIONS = DEBUG;
				SWIFT_OPTIMIZATION_LEVEL = "-Onone";
			};
			name = Debug;
		};
		DCB045271DDF40280014D479 /* Release */ = {
			isa = XCBuildConfiguration;
			buildSettings = {
				ALWAYS_SEARCH_USER_PATHS = NO;
				CLANG_ANALYZER_NONNULL = YES;
				CLANG_CXX_LANGUAGE_STANDARD = "gnu++0x";
				CLANG_CXX_LIBRARY = "libc++";
				CLANG_ENABLE_MODULES = YES;
				CLANG_ENABLE_OBJC_ARC = YES;
				CLANG_WARN_BOOL_CONVERSION = YES;
				CLANG_WARN_CONSTANT_CONVERSION = YES;
				CLANG_WARN_DIRECT_OBJC_ISA_USAGE = YES_ERROR;
				CLANG_WARN_DOCUMENTATION_COMMENTS = YES;
				CLANG_WARN_EMPTY_BODY = YES;
				CLANG_WARN_ENUM_CONVERSION = YES;
				CLANG_WARN_INFINITE_RECURSION = YES;
				CLANG_WARN_INT_CONVERSION = YES;
				CLANG_WARN_OBJC_ROOT_CLASS = YES_ERROR;
				CLANG_WARN_SUSPICIOUS_MOVES = YES;
				CLANG_WARN_UNREACHABLE_CODE = YES;
				CLANG_WARN__DUPLICATE_METHOD_MATCH = YES;
				"CODE_SIGN_IDENTITY[sdk=iphoneos*]" = "iPhone Developer";
				COPY_PHASE_STRIP = NO;
				DEBUG_INFORMATION_FORMAT = "dwarf-with-dsym";
				ENABLE_NS_ASSERTIONS = NO;
				ENABLE_STRICT_OBJC_MSGSEND = YES;
				GCC_C_LANGUAGE_STANDARD = gnu99;
				GCC_NO_COMMON_BLOCKS = YES;
				GCC_WARN_64_TO_32_BIT_CONVERSION = YES;
				GCC_WARN_ABOUT_RETURN_TYPE = YES_ERROR;
				GCC_WARN_UNDECLARED_SELECTOR = YES;
				GCC_WARN_UNINITIALIZED_AUTOS = YES_AGGRESSIVE;
				GCC_WARN_UNUSED_FUNCTION = YES;
				GCC_WARN_UNUSED_VARIABLE = YES;
				IPHONEOS_DEPLOYMENT_TARGET = 10.1;
				MTL_ENABLE_DEBUG_INFO = NO;
				SDKROOT = iphoneos;
				SWIFT_OPTIMIZATION_LEVEL = "-Owholemodule";
				VALIDATE_PRODUCT = YES;
			};
			name = Release;
		};
		DCB045291DDF40280014D479 /* Debug */ = {
			isa = XCBuildConfiguration;
			buildSettings = {
				ASSETCATALOG_COMPILER_APPICON_NAME = AppIcon;
				CLANG_ENABLE_MODULES = YES;
				DEVELOPMENT_TEAM = 32XMGVLSBF;
				FRAMEWORK_SEARCH_PATHS = (
					"$(inherited)",
					"$(PROJECT_DIR)/IOSrome",
				);
				INFOPLIST_FILE = IOSrome/Info.plist;
				LD_RUNPATH_SEARCH_PATHS = "$(inherited) @executable_path/Frameworks";
				PRODUCT_BUNDLE_IDENTIFIER = com.Lan.IOSrome;
				PRODUCT_NAME = "$(TARGET_NAME)";
				SWIFT_OBJC_BRIDGING_HEADER = "IOSrome/IOSrome-Bridging-Header.h";
				SWIFT_OPTIMIZATION_LEVEL = "-Onone";
				SWIFT_VERSION = 3.0;
			};
			name = Debug;
		};
		DCB0452A1DDF40280014D479 /* Release */ = {
			isa = XCBuildConfiguration;
			buildSettings = {
				ASSETCATALOG_COMPILER_APPICON_NAME = AppIcon;
				CLANG_ENABLE_MODULES = YES;
				DEVELOPMENT_TEAM = 32XMGVLSBF;
				FRAMEWORK_SEARCH_PATHS = (
					"$(inherited)",
					"$(PROJECT_DIR)/IOSrome",
				);
				INFOPLIST_FILE = IOSrome/Info.plist;
				LD_RUNPATH_SEARCH_PATHS = "$(inherited) @executable_path/Frameworks";
				PRODUCT_BUNDLE_IDENTIFIER = com.Lan.IOSrome;
				PRODUCT_NAME = "$(TARGET_NAME)";
				SWIFT_OBJC_BRIDGING_HEADER = "IOSrome/IOSrome-Bridging-Header.h";
				SWIFT_VERSION = 3.0;
			};
			name = Release;
		};
/* End XCBuildConfiguration section */

/* Begin XCConfigurationList section */
		DCB0450E1DDF40280014D479 /* Build configuration list for PBXProject "IOSrome" */ = {
			isa = XCConfigurationList;
			buildConfigurations = (
				DCB045261DDF40280014D479 /* Debug */,
				DCB045271DDF40280014D479 /* Release */,
			);
			defaultConfigurationIsVisible = 0;
			defaultConfigurationName = Release;
		};
		DCB045281DDF40280014D479 /* Build configuration list for PBXNativeTarget "IOSrome" */ = {
			isa = XCConfigurationList;
			buildConfigurations = (
				DCB045291DDF40280014D479 /* Debug */,
				DCB0452A1DDF40280014D479 /* Release */,
			);
			defaultConfigurationIsVisible = 0;
			defaultConfigurationName = Release;
		};
/* End XCConfigurationList section */

/* Begin XCVersionGroup section */
		DCB0451D1DDF40280014D479 /* IOSrome.xcdatamodeld */ = {
			isa = XCVersionGroup;
			children = (
				DCB0451E1DDF40280014D479 /* IOSrome.xcdatamodel */,
			);
			currentVersion = DCB0451E1DDF40280014D479 /* IOSrome.xcdatamodel */;
			path = IOSrome.xcdatamodeld;
			sourceTree = "<group>";
			versionGroupType = wrapper.xcdatamodel;
		};
/* End XCVersionGroup section */
	};
	rootObject = DCB0450B1DDF40280014D479 /* Project object */;
}
