// !$*UTF8*$!
{
	archiveVersion = 1;
	classes = {
	};
	objectVersion = 46;
	objects = {

/* Begin PBXBuildFile section */
		C40BE6AF1DF51DA900F6C200 /* RegisterViewController.swift in Sources */ = {isa = PBXBuildFile; fileRef = C40BE6AE1DF51DA900F6C200 /* RegisterViewController.swift */; };
		C40BE6B11DF51DC700F6C200 /* SellViewController.swift in Sources */ = {isa = PBXBuildFile; fileRef = C40BE6B01DF51DC700F6C200 /* SellViewController.swift */; };
		C40BE6B31DF660AA00F6C200 /* UserCenter.storyboard in Resources */ = {isa = PBXBuildFile; fileRef = C40BE6B21DF660AA00F6C200 /* UserCenter.storyboard */; };
		C40BE6B51DF6621900F6C200 /* LoginViewController.swift in Sources */ = {isa = PBXBuildFile; fileRef = C40BE6B41DF6621900F6C200 /* LoginViewController.swift */; };
		C40BE7131DF86E2800F6C200 /* libWeChatSDK.a in Frameworks */ = {isa = PBXBuildFile; fileRef = C40BE7101DF86E2800F6C200 /* libWeChatSDK.a */; };
		C40BE7161DF86F5D00F6C200 /* libstdc++.tbd in Frameworks */ = {isa = PBXBuildFile; fileRef = C40BE7151DF86F5D00F6C200 /* libstdc++.tbd */; };
		C40BE7181DF86F6300F6C200 /* libsqlite3.tbd in Frameworks */ = {isa = PBXBuildFile; fileRef = C40BE7171DF86F6300F6C200 /* libsqlite3.tbd */; };
		C40BE71A1DF86F6900F6C200 /* CoreTelephony.framework in Frameworks */ = {isa = PBXBuildFile; fileRef = C40BE7191DF86F6900F6C200 /* CoreTelephony.framework */; };
		C40BE71C1DF86F6E00F6C200 /* SystemConfiguration.framework in Frameworks */ = {isa = PBXBuildFile; fileRef = C40BE71B1DF86F6E00F6C200 /* SystemConfiguration.framework */; };
		C40BE71E1DF86F8300F6C200 /* libz.tbd in Frameworks */ = {isa = PBXBuildFile; fileRef = C40BE71D1DF86F8300F6C200 /* libz.tbd */; };
		C40BE72B1DF96F0500F6C200 /* 1启动页.jpg in Resources */ = {isa = PBXBuildFile; fileRef = C40BE72A1DF96F0500F6C200 /* 1启动页.jpg */; };
		C40BE7331DF9B3B400F6C200 /* UserCenterViewController.swift in Sources */ = {isa = PBXBuildFile; fileRef = C40BE7321DF9B3B400F6C200 /* UserCenterViewController.swift */; };
		C40BE7351DF9C34000F6C200 /* UserNavigationController.swift in Sources */ = {isa = PBXBuildFile; fileRef = C40BE7341DF9C34000F6C200 /* UserNavigationController.swift */; };
		C40BE7371DF9D01100F6C200 /* tiny0.png in Resources */ = {isa = PBXBuildFile; fileRef = C40BE7361DF9D01100F6C200 /* tiny0.png */; };
		C40BE7391DF9D07E00F6C200 /* back0.png in Resources */ = {isa = PBXBuildFile; fileRef = C40BE7381DF9D07E00F6C200 /* back0.png */; };
		C40BE73B1DFA3DF800F6C200 /* user_center_vip.png in Resources */ = {isa = PBXBuildFile; fileRef = C40BE73A1DFA3DF800F6C200 /* user_center_vip.png */; };
		C40BE73D1DFA4A3F00F6C200 /* user_center_my_invitation.png in Resources */ = {isa = PBXBuildFile; fileRef = C40BE73C1DFA4A3F00F6C200 /* user_center_my_invitation.png */; };
		C40BE7421DFA4BCE00F6C200 /* user_center_about_us.png in Resources */ = {isa = PBXBuildFile; fileRef = C40BE73E1DFA4BCE00F6C200 /* user_center_about_us.png */; };
		C40BE7431DFA4BCE00F6C200 /* user_center_system_message.png in Resources */ = {isa = PBXBuildFile; fileRef = C40BE73F1DFA4BCE00F6C200 /* user_center_system_message.png */; };
		C40BE7441DFA4BCE00F6C200 /* user_center_tutorial.png in Resources */ = {isa = PBXBuildFile; fileRef = C40BE7401DFA4BCE00F6C200 /* user_center_tutorial.png */; };
		C40BE7451DFA4BCE00F6C200 /* user_center_user_icon.png in Resources */ = {isa = PBXBuildFile; fileRef = C40BE7411DFA4BCE00F6C200 /* user_center_user_icon.png */; };
		C40BE7481DFA521B00F6C200 /* GlobalVariables.swift in Sources */ = {isa = PBXBuildFile; fileRef = C40BE7471DFA521B00F6C200 /* GlobalVariables.swift */; };
		C40BE74A1DFA5C2800F6C200 /* fake_about_us.png in Resources */ = {isa = PBXBuildFile; fileRef = C40BE7491DFA5C2800F6C200 /* fake_about_us.png */; };
		C40BE74C1DFA764B00F6C200 /* fake_invitation.png in Resources */ = {isa = PBXBuildFile; fileRef = C40BE74B1DFA764B00F6C200 /* fake_invitation.png */; };
		C40BE74E1DFA76CD00F6C200 /* fake_tutorial.png in Resources */ = {isa = PBXBuildFile; fileRef = C40BE74D1DFA76CD00F6C200 /* fake_tutorial.png */; };
		C40BE7501DFA772D00F6C200 /* fake_message.png in Resources */ = {isa = PBXBuildFile; fileRef = C40BE74F1DFA772D00F6C200 /* fake_message.png */; };
		C40BE7521DFA9A4D00F6C200 /* tiny_user_head.png in Resources */ = {isa = PBXBuildFile; fileRef = C40BE7511DFA9A4D00F6C200 /* tiny_user_head.png */; };
		C40BE7541DFB11F000F6C200 /* fake_repay_rule.png in Resources */ = {isa = PBXBuildFile; fileRef = C40BE7531DFB11F000F6C200 /* fake_repay_rule.png */; };
		C40BE7561DFB144100F6C200 /* eye.png in Resources */ = {isa = PBXBuildFile; fileRef = C40BE7551DFB144100F6C200 /* eye.png */; };
		C40BE7581DFB156D00F6C200 /* fake_bill.png in Resources */ = {isa = PBXBuildFile; fileRef = C40BE7571DFB156D00F6C200 /* fake_bill.png */; };
		C40BE75A1DFB16F100F6C200 /* background_invitation_overview.png in Resources */ = {isa = PBXBuildFile; fileRef = C40BE7591DFB16F000F6C200 /* background_invitation_overview.png */; };
		C40BE75C1DFB19BB00F6C200 /* fake_bill_detail.png in Resources */ = {isa = PBXBuildFile; fileRef = C40BE75B1DFB19BB00F6C200 /* fake_bill_detail.png */; };
		C40BE75E1DFB1B0E00F6C200 /* BillTableViewCell.swift in Sources */ = {isa = PBXBuildFile; fileRef = C40BE75D1DFB1B0E00F6C200 /* BillTableViewCell.swift */; };
		C40BE7681DFB268500F6C200 /* BillListTableViewController.swift in Sources */ = {isa = PBXBuildFile; fileRef = C40BE7661DFB268400F6C200 /* BillListTableViewController.swift */; };
		C40BE76B1DFB2BCA00F6C200 /* MessageListTableViewController.swift in Sources */ = {isa = PBXBuildFile; fileRef = C40BE76A1DFB2BCA00F6C200 /* MessageListTableViewController.swift */; };
		C40BE76D1DFB2C3E00F6C200 /* MessageTableViewCell.swift in Sources */ = {isa = PBXBuildFile; fileRef = C40BE76C1DFB2C3E00F6C200 /* MessageTableViewCell.swift */; };
		C40BE76F1DFB2D1600F6C200 /* fake_message_detail.png in Resources */ = {isa = PBXBuildFile; fileRef = C40BE76E1DFB2D1600F6C200 /* fake_message_detail.png */; };
		C40BE7711DFBC3EF00F6C200 /* fake_buy_vip.png in Resources */ = {isa = PBXBuildFile; fileRef = C40BE7701DFBC3EF00F6C200 /* fake_buy_vip.png */; };
		C44630B31DEDD96E0052E83F /* OCFunction.m in Sources */ = {isa = PBXBuildFile; fileRef = C44630B21DEDD96E0052E83F /* OCFunction.m */; };
		C44E10901E0004B700A716A2 /* Result.swift in Sources */ = {isa = PBXBuildFile; fileRef = C44E10891E0004B700A716A2 /* Result.swift */; };
		C44E10911E0004B700A716A2 /* Socket.swift in Sources */ = {isa = PBXBuildFile; fileRef = C44E108A1E0004B700A716A2 /* Socket.swift */; };
		C44E10921E0004B700A716A2 /* TCPClient.swift in Sources */ = {isa = PBXBuildFile; fileRef = C44E108C1E0004B700A716A2 /* TCPClient.swift */; };
		C44E10931E0004B700A716A2 /* UDPClient.swift in Sources */ = {isa = PBXBuildFile; fileRef = C44E108D1E0004B700A716A2 /* UDPClient.swift */; };
		C44E10941E0004B700A716A2 /* ytcpsocket.c in Sources */ = {isa = PBXBuildFile; fileRef = C44E108E1E0004B700A716A2 /* ytcpsocket.c */; };
		C44E10951E0004B700A716A2 /* yudpsocket.c in Sources */ = {isa = PBXBuildFile; fileRef = C44E108F1E0004B700A716A2 /* yudpsocket.c */; };
		C4612E811E01445B00B79331 /* VIPDetailViewController.swift in Sources */ = {isa = PBXBuildFile; fileRef = C4612E801E01445B00B79331 /* VIPDetailViewController.swift */; };
		C4612E831E03B20F00B79331 /* Taobao.storyboard in Resources */ = {isa = PBXBuildFile; fileRef = C4612E821E03B20F00B79331 /* Taobao.storyboard */; };
		C4612E851E03B2B100B79331 /* Recommend.storyboard in Resources */ = {isa = PBXBuildFile; fileRef = C4612E841E03B2B100B79331 /* Recommend.storyboard */; };
		C4612E881E03B2D800B79331 /* Selfchoose.storyboard in Resources */ = {isa = PBXBuildFile; fileRef = C4612E871E03B2D800B79331 /* Selfchoose.storyboard */; };
		C4612E8A1E03B34300B79331 /* TaobaoNavigationController.swift in Sources */ = {isa = PBXBuildFile; fileRef = C4612E891E03B34300B79331 /* TaobaoNavigationController.swift */; };
		C4612E8C1E03B35C00B79331 /* RecommendNavigationController.swift in Sources */ = {isa = PBXBuildFile; fileRef = C4612E8B1E03B35C00B79331 /* RecommendNavigationController.swift */; };
		C4612E8E1E03B36E00B79331 /* SelfchooseNavigationController.swift in Sources */ = {isa = PBXBuildFile; fileRef = C4612E8D1E03B36E00B79331 /* SelfchooseNavigationController.swift */; };
		C4BB41051DFBC8EE00B01055 /* Report.storyboard in Resources */ = {isa = PBXBuildFile; fileRef = C4BB41041DFBC8EE00B01055 /* Report.storyboard */; };
		C4BB41071DFBC92300B01055 /* ReportViewController.swift in Sources */ = {isa = PBXBuildFile; fileRef = C4BB41061DFBC92300B01055 /* ReportViewController.swift */; };
		C4BB41091DFBC96A00B01055 /* ReportNavigationController.swift in Sources */ = {isa = PBXBuildFile; fileRef = C4BB41081DFBC96A00B01055 /* ReportNavigationController.swift */; };
		C4BB410B1DFBD38A00B01055 /* ReportTableViewCell.swift in Sources */ = {isa = PBXBuildFile; fileRef = C4BB410A1DFBD38A00B01055 /* ReportTableViewCell.swift */; };
		C4BB410D1DFBD3F000B01055 /* ReportListTableViewController.swift in Sources */ = {isa = PBXBuildFile; fileRef = C4BB410C1DFBD3F000B01055 /* ReportListTableViewController.swift */; };
		C4BB410F1DFC724300B01055 /* MainTabBarController.swift in Sources */ = {isa = PBXBuildFile; fileRef = C4BB410E1DFC724300B01055 /* MainTabBarController.swift */; };
		C4BB41111DFC775200B01055 /* zluev.png in Resources */ = {isa = PBXBuildFile; fileRef = C4BB41101DFC775200B01055 /* zluev.png */; };
		C4BB41131DFCF19100B01055 /* 报表.png in Resources */ = {isa = PBXBuildFile; fileRef = C4BB41121DFCF19100B01055 /* 报表.png */; };
		C4BB41281DFD199900B01055 /* 层级头像.png in Resources */ = {isa = PBXBuildFile; fileRef = C4BB41151DFD199900B01055 /* 层级头像.png */; };
		C4BB41291DFD199900B01055 /* 订单明细.png in Resources */ = {isa = PBXBuildFile; fileRef = C4BB41161DFD199900B01055 /* 订单明细.png */; };
		C4BB412A1DFD199900B01055 /* 关于.png in Resources */ = {isa = PBXBuildFile; fileRef = C4BB41171DFD199900B01055 /* 关于.png */; };
		C4BB412B1DFD199900B01055 /* 密码.png in Resources */ = {isa = PBXBuildFile; fileRef = C4BB41181DFD199900B01055 /* 密码.png */; };
		C4BB412D1DFD199900B01055 /* 手机号.png in Resources */ = {isa = PBXBuildFile; fileRef = C4BB411A1DFD199900B01055 /* 手机号.png */; };
		C4BB412E1DFD199900B01055 /* 刷新.png in Resources */ = {isa = PBXBuildFile; fileRef = C4BB411B1DFD199900B01055 /* 刷新.png */; };
		C4BB412F1DFD199900B01055 /* 搜索.png in Resources */ = {isa = PBXBuildFile; fileRef = C4BB411C1DFD199900B01055 /* 搜索.png */; };
		C4BB41301DFD199900B01055 /* 淘宝.png in Resources */ = {isa = PBXBuildFile; fileRef = C4BB411D1DFD199900B01055 /* 淘宝.png */; };
		C4BB41311DFD199900B01055 /* 微信.png in Resources */ = {isa = PBXBuildFile; fileRef = C4BB411E1DFD199900B01055 /* 微信.png */; };
		C4BB41321DFD199900B01055 /* 我的邀请.png in Resources */ = {isa = PBXBuildFile; fileRef = C4BB411F1DFD199900B01055 /* 我的邀请.png */; };
		C4BB41331DFD199900B01055 /* 系统消息.png in Resources */ = {isa = PBXBuildFile; fileRef = C4BB41201DFD199900B01055 /* 系统消息.png */; };
		C4BB41341DFD199900B01055 /* 系统消息主图标.png in Resources */ = {isa = PBXBuildFile; fileRef = C4BB41211DFD199900B01055 /* 系统消息主图标.png */; };
		C4BB41351DFD199900B01055 /* 新手引导.png in Resources */ = {isa = PBXBuildFile; fileRef = C4BB41221DFD199900B01055 /* 新手引导.png */; };
		C4BB41361DFD199900B01055 /* 眼睛.png in Resources */ = {isa = PBXBuildFile; fileRef = C4BB41231DFD199900B01055 /* 眼睛.png */; };
		C4BB41371DFD199900B01055 /* 邀请码.png in Resources */ = {isa = PBXBuildFile; fileRef = C4BB41241DFD199900B01055 /* 邀请码.png */; };
		C4BB41381DFD199900B01055 /* 账单.png in Resources */ = {isa = PBXBuildFile; fileRef = C4BB41251DFD199900B01055 /* 账单.png */; };
		C4BB41391DFD199900B01055 /* QQ.png in Resources */ = {isa = PBXBuildFile; fileRef = C4BB41261DFD199900B01055 /* QQ.png */; };
		C4BB413A1DFD199900B01055 /* VIP.png in Resources */ = {isa = PBXBuildFile; fileRef = C4BB41271DFD199900B01055 /* VIP.png */; };
		C4BB41451DFD1C2D00B01055 /* 报表焦点.png in Resources */ = {isa = PBXBuildFile; fileRef = C4BB413B1DFD1C2D00B01055 /* 报表焦点.png */; };
		C4BB41461DFD1C2D00B01055 /* 报表默认.png in Resources */ = {isa = PBXBuildFile; fileRef = C4BB413C1DFD1C2D00B01055 /* 报表默认.png */; };
		C4BB41471DFD1C2D00B01055 /* 默认头像.png in Resources */ = {isa = PBXBuildFile; fileRef = C4BB413D1DFD1C2D00B01055 /* 默认头像.png */; };
		C4BB41481DFD1C2D00B01055 /* 商城焦点.png in Resources */ = {isa = PBXBuildFile; fileRef = C4BB413E1DFD1C2D00B01055 /* 商城焦点.png */; };
		C4BB41491DFD1C2D00B01055 /* 商城默认.png in Resources */ = {isa = PBXBuildFile; fileRef = C4BB413F1DFD1C2D00B01055 /* 商城默认.png */; };
		C4BB414A1DFD1C2D00B01055 /* 首页焦点.png in Resources */ = {isa = PBXBuildFile; fileRef = C4BB41401DFD1C2D00B01055 /* 首页焦点.png */; };
		C4BB414B1DFD1C2D00B01055 /* 首页默认.png in Resources */ = {isa = PBXBuildFile; fileRef = C4BB41411DFD1C2D00B01055 /* 首页默认.png */; };
		C4BB414C1DFD1C2D00B01055 /* 我的焦点.png in Resources */ = {isa = PBXBuildFile; fileRef = C4BB41421DFD1C2D00B01055 /* 我的焦点.png */; };
		C4BB414D1DFD1C2D00B01055 /* 我的默认.png in Resources */ = {isa = PBXBuildFile; fileRef = C4BB41431DFD1C2D00B01055 /* 我的默认.png */; };
		C4BB414E1DFD1C2D00B01055 /* 注册成功.png in Resources */ = {isa = PBXBuildFile; fileRef = C4BB41441DFD1C2D00B01055 /* 注册成功.png */; };
		C4BB41511DFD23C000B01055 /* SelfViewController.swift in Sources */ = {isa = PBXBuildFile; fileRef = C4BB41501DFD23C000B01055 /* SelfViewController.swift */; };
		C4BB41531DFD328800B01055 /* StartRegisterViewController.swift in Sources */ = {isa = PBXBuildFile; fileRef = C4BB41521DFD328800B01055 /* StartRegisterViewController.swift */; };
		C4BB41551DFD3A6200B01055 /* BuyVIPViewController.swift in Sources */ = {isa = PBXBuildFile; fileRef = C4BB41541DFD3A6200B01055 /* BuyVIPViewController.swift */; };
		C4BB41571DFD7EB100B01055 /* HuitaoViewController.swift in Sources */ = {isa = PBXBuildFile; fileRef = C4BB41561DFD7EB100B01055 /* HuitaoViewController.swift */; };
		C4BB41591DFD832A00B01055 /* lanjs_s.js in Resources */ = {isa = PBXBuildFile; fileRef = C4BB41581DFD832A00B01055 /* lanjs_s.js */; };
		C4E3AABA1E010C0100564EC3 /* SwiftJavascriptBridge.swift in Sources */ = {isa = PBXBuildFile; fileRef = C4E3AAB91E010C0100564EC3 /* SwiftJavascriptBridge.swift */; };
		DCB045171DDF40280014D479 /* AppDelegate.swift in Sources */ = {isa = PBXBuildFile; fileRef = DCB045161DDF40280014D479 /* AppDelegate.swift */; };
		DCB045191DDF40280014D479 /* ViewController.swift in Sources */ = {isa = PBXBuildFile; fileRef = DCB045181DDF40280014D479 /* ViewController.swift */; };
		DCB0451C1DDF40280014D479 /* Main.storyboard in Resources */ = {isa = PBXBuildFile; fileRef = DCB0451A1DDF40280014D479 /* Main.storyboard */; };
		DCB0451F1DDF40280014D479 /* IOSrome.xcdatamodeld in Sources */ = {isa = PBXBuildFile; fileRef = DCB0451D1DDF40280014D479 /* IOSrome.xcdatamodeld */; };
		DCB045211DDF40280014D479 /* Assets.xcassets in Resources */ = {isa = PBXBuildFile; fileRef = DCB045201DDF40280014D479 /* Assets.xcassets */; };
		DCB045241DDF40280014D479 /* LaunchScreen.storyboard in Resources */ = {isa = PBXBuildFile; fileRef = DCB045221DDF40280014D479 /* LaunchScreen.storyboard */; };
/* End PBXBuildFile section */

/* Begin PBXFileReference section */
		C40BE6AE1DF51DA900F6C200 /* RegisterViewController.swift */ = {isa = PBXFileReference; fileEncoding = 4; lastKnownFileType = sourcecode.swift; path = RegisterViewController.swift; sourceTree = "<group>"; };
		C40BE6B01DF51DC700F6C200 /* SellViewController.swift */ = {isa = PBXFileReference; fileEncoding = 4; lastKnownFileType = sourcecode.swift; path = SellViewController.swift; sourceTree = "<group>"; };
		C40BE6B21DF660AA00F6C200 /* UserCenter.storyboard */ = {isa = PBXFileReference; fileEncoding = 4; lastKnownFileType = file.storyboard; path = UserCenter.storyboard; sourceTree = "<group>"; };
		C40BE6B41DF6621900F6C200 /* LoginViewController.swift */ = {isa = PBXFileReference; fileEncoding = 4; lastKnownFileType = sourcecode.swift; path = LoginViewController.swift; sourceTree = "<group>"; };
		C40BE7101DF86E2800F6C200 /* libWeChatSDK.a */ = {isa = PBXFileReference; lastKnownFileType = archive.ar; name = libWeChatSDK.a; path = WeChatSDK/libWeChatSDK.a; sourceTree = "<group>"; };
		C40BE7111DF86E2800F6C200 /* WXApi.h */ = {isa = PBXFileReference; fileEncoding = 4; lastKnownFileType = sourcecode.c.h; name = WXApi.h; path = WeChatSDK/WXApi.h; sourceTree = "<group>"; };
		C40BE7121DF86E2800F6C200 /* WXApiObject.h */ = {isa = PBXFileReference; fileEncoding = 4; lastKnownFileType = sourcecode.c.h; name = WXApiObject.h; path = WeChatSDK/WXApiObject.h; sourceTree = "<group>"; };
		C40BE7151DF86F5D00F6C200 /* libstdc++.tbd */ = {isa = PBXFileReference; lastKnownFileType = "sourcecode.text-based-dylib-definition"; name = "libstdc++.tbd"; path = "usr/lib/libstdc++.tbd"; sourceTree = SDKROOT; };
		C40BE7171DF86F6300F6C200 /* libsqlite3.tbd */ = {isa = PBXFileReference; lastKnownFileType = "sourcecode.text-based-dylib-definition"; name = libsqlite3.tbd; path = usr/lib/libsqlite3.tbd; sourceTree = SDKROOT; };
		C40BE7191DF86F6900F6C200 /* CoreTelephony.framework */ = {isa = PBXFileReference; lastKnownFileType = wrapper.framework; name = CoreTelephony.framework; path = System/Library/Frameworks/CoreTelephony.framework; sourceTree = SDKROOT; };
		C40BE71B1DF86F6E00F6C200 /* SystemConfiguration.framework */ = {isa = PBXFileReference; lastKnownFileType = wrapper.framework; name = SystemConfiguration.framework; path = System/Library/Frameworks/SystemConfiguration.framework; sourceTree = SDKROOT; };
		C40BE71D1DF86F8300F6C200 /* libz.tbd */ = {isa = PBXFileReference; lastKnownFileType = "sourcecode.text-based-dylib-definition"; name = libz.tbd; path = usr/lib/libz.tbd; sourceTree = SDKROOT; };
		C40BE72A1DF96F0500F6C200 /* 1启动页.jpg */ = {isa = PBXFileReference; lastKnownFileType = image.jpeg; name = "1启动页.jpg"; path = "media/1启动页.jpg"; sourceTree = "<group>"; };
		C40BE7321DF9B3B400F6C200 /* UserCenterViewController.swift */ = {isa = PBXFileReference; fileEncoding = 4; lastKnownFileType = sourcecode.swift; path = UserCenterViewController.swift; sourceTree = "<group>"; };
		C40BE7341DF9C34000F6C200 /* UserNavigationController.swift */ = {isa = PBXFileReference; fileEncoding = 4; lastKnownFileType = sourcecode.swift; path = UserNavigationController.swift; sourceTree = "<group>"; };
		C40BE7361DF9D01100F6C200 /* tiny0.png */ = {isa = PBXFileReference; lastKnownFileType = image.png; name = tiny0.png; path = media/tiny0.png; sourceTree = "<group>"; };
		C40BE7381DF9D07E00F6C200 /* back0.png */ = {isa = PBXFileReference; lastKnownFileType = image.png; name = back0.png; path = media/back0.png; sourceTree = "<group>"; };
		C40BE73A1DFA3DF800F6C200 /* user_center_vip.png */ = {isa = PBXFileReference; lastKnownFileType = image.png; name = user_center_vip.png; path = media/user_center_vip.png; sourceTree = "<group>"; };
		C40BE73C1DFA4A3F00F6C200 /* user_center_my_invitation.png */ = {isa = PBXFileReference; lastKnownFileType = image.png; name = user_center_my_invitation.png; path = media/user_center_my_invitation.png; sourceTree = "<group>"; };
		C40BE73E1DFA4BCE00F6C200 /* user_center_about_us.png */ = {isa = PBXFileReference; lastKnownFileType = image.png; name = user_center_about_us.png; path = media/user_center_about_us.png; sourceTree = "<group>"; };
		C40BE73F1DFA4BCE00F6C200 /* user_center_system_message.png */ = {isa = PBXFileReference; lastKnownFileType = image.png; name = user_center_system_message.png; path = media/user_center_system_message.png; sourceTree = "<group>"; };
		C40BE7401DFA4BCE00F6C200 /* user_center_tutorial.png */ = {isa = PBXFileReference; lastKnownFileType = image.png; name = user_center_tutorial.png; path = media/user_center_tutorial.png; sourceTree = "<group>"; };
		C40BE7411DFA4BCE00F6C200 /* user_center_user_icon.png */ = {isa = PBXFileReference; lastKnownFileType = image.png; name = user_center_user_icon.png; path = media/user_center_user_icon.png; sourceTree = "<group>"; };
		C40BE7471DFA521B00F6C200 /* GlobalVariables.swift */ = {isa = PBXFileReference; fileEncoding = 4; lastKnownFileType = sourcecode.swift; path = GlobalVariables.swift; sourceTree = "<group>"; };
		C40BE7491DFA5C2800F6C200 /* fake_about_us.png */ = {isa = PBXFileReference; lastKnownFileType = image.png; name = fake_about_us.png; path = media/fake_about_us.png; sourceTree = "<group>"; };
		C40BE74B1DFA764B00F6C200 /* fake_invitation.png */ = {isa = PBXFileReference; lastKnownFileType = image.png; name = fake_invitation.png; path = media/fake_invitation.png; sourceTree = "<group>"; };
		C40BE74D1DFA76CD00F6C200 /* fake_tutorial.png */ = {isa = PBXFileReference; lastKnownFileType = image.png; name = fake_tutorial.png; path = media/fake_tutorial.png; sourceTree = "<group>"; };
		C40BE74F1DFA772D00F6C200 /* fake_message.png */ = {isa = PBXFileReference; lastKnownFileType = image.png; name = fake_message.png; path = media/fake_message.png; sourceTree = "<group>"; };
		C40BE7511DFA9A4D00F6C200 /* tiny_user_head.png */ = {isa = PBXFileReference; lastKnownFileType = image.png; name = tiny_user_head.png; path = media/tiny_user_head.png; sourceTree = "<group>"; };
		C40BE7531DFB11F000F6C200 /* fake_repay_rule.png */ = {isa = PBXFileReference; lastKnownFileType = image.png; name = fake_repay_rule.png; path = media/fake_repay_rule.png; sourceTree = "<group>"; };
		C40BE7551DFB144100F6C200 /* eye.png */ = {isa = PBXFileReference; lastKnownFileType = image.png; name = eye.png; path = media/eye.png; sourceTree = "<group>"; };
		C40BE7571DFB156D00F6C200 /* fake_bill.png */ = {isa = PBXFileReference; lastKnownFileType = image.png; name = fake_bill.png; path = media/fake_bill.png; sourceTree = "<group>"; };
		C40BE7591DFB16F000F6C200 /* background_invitation_overview.png */ = {isa = PBXFileReference; lastKnownFileType = image.png; name = background_invitation_overview.png; path = media/background_invitation_overview.png; sourceTree = "<group>"; };
		C40BE75B1DFB19BB00F6C200 /* fake_bill_detail.png */ = {isa = PBXFileReference; lastKnownFileType = image.png; name = fake_bill_detail.png; path = media/fake_bill_detail.png; sourceTree = "<group>"; };
		C40BE75D1DFB1B0E00F6C200 /* BillTableViewCell.swift */ = {isa = PBXFileReference; fileEncoding = 4; lastKnownFileType = sourcecode.swift; path = BillTableViewCell.swift; sourceTree = "<group>"; };
		C40BE7661DFB268400F6C200 /* BillListTableViewController.swift */ = {isa = PBXFileReference; fileEncoding = 4; lastKnownFileType = sourcecode.swift; path = BillListTableViewController.swift; sourceTree = "<group>"; };
		C40BE76A1DFB2BCA00F6C200 /* MessageListTableViewController.swift */ = {isa = PBXFileReference; fileEncoding = 4; lastKnownFileType = sourcecode.swift; path = MessageListTableViewController.swift; sourceTree = "<group>"; };
		C40BE76C1DFB2C3E00F6C200 /* MessageTableViewCell.swift */ = {isa = PBXFileReference; fileEncoding = 4; lastKnownFileType = sourcecode.swift; path = MessageTableViewCell.swift; sourceTree = "<group>"; };
		C40BE76E1DFB2D1600F6C200 /* fake_message_detail.png */ = {isa = PBXFileReference; lastKnownFileType = image.png; name = fake_message_detail.png; path = media/fake_message_detail.png; sourceTree = "<group>"; };
		C40BE7701DFBC3EF00F6C200 /* fake_buy_vip.png */ = {isa = PBXFileReference; lastKnownFileType = image.png; name = fake_buy_vip.png; path = media/fake_buy_vip.png; sourceTree = "<group>"; };
		C44630B11DEDD96E0052E83F /* IOSrome-Bridging-Header.h */ = {isa = PBXFileReference; lastKnownFileType = sourcecode.c.h; path = "IOSrome-Bridging-Header.h"; sourceTree = "<group>"; };
		C44630B21DEDD96E0052E83F /* OCFunction.m */ = {isa = PBXFileReference; fileEncoding = 4; lastKnownFileType = sourcecode.c.objc; path = OCFunction.m; sourceTree = "<group>"; };
		C44630B41DEDDA840052E83F /* CustomeObject.h */ = {isa = PBXFileReference; lastKnownFileType = sourcecode.c.h; path = CustomeObject.h; sourceTree = "<group>"; };
		C44E10891E0004B700A716A2 /* Result.swift */ = {isa = PBXFileReference; fileEncoding = 4; lastKnownFileType = sourcecode.swift; name = Result.swift; path = Support/SwiftSocket/Result.swift; sourceTree = "<group>"; };
		C44E108A1E0004B700A716A2 /* Socket.swift */ = {isa = PBXFileReference; fileEncoding = 4; lastKnownFileType = sourcecode.swift; name = Socket.swift; path = Support/SwiftSocket/Socket.swift; sourceTree = "<group>"; };
		C44E108B1E0004B700A716A2 /* SwiftSocket.h */ = {isa = PBXFileReference; fileEncoding = 4; lastKnownFileType = sourcecode.c.h; name = SwiftSocket.h; path = Support/SwiftSocket/SwiftSocket.h; sourceTree = "<group>"; };
		C44E108C1E0004B700A716A2 /* TCPClient.swift */ = {isa = PBXFileReference; fileEncoding = 4; lastKnownFileType = sourcecode.swift; name = TCPClient.swift; path = Support/SwiftSocket/TCPClient.swift; sourceTree = "<group>"; };
		C44E108D1E0004B700A716A2 /* UDPClient.swift */ = {isa = PBXFileReference; fileEncoding = 4; lastKnownFileType = sourcecode.swift; name = UDPClient.swift; path = Support/SwiftSocket/UDPClient.swift; sourceTree = "<group>"; };
		C44E108E1E0004B700A716A2 /* ytcpsocket.c */ = {isa = PBXFileReference; fileEncoding = 4; lastKnownFileType = sourcecode.c.c; name = ytcpsocket.c; path = Support/SwiftSocket/ytcpsocket.c; sourceTree = "<group>"; };
		C44E108F1E0004B700A716A2 /* yudpsocket.c */ = {isa = PBXFileReference; fileEncoding = 4; lastKnownFileType = sourcecode.c.c; name = yudpsocket.c; path = Support/SwiftSocket/yudpsocket.c; sourceTree = "<group>"; };
		C4612E801E01445B00B79331 /* VIPDetailViewController.swift */ = {isa = PBXFileReference; fileEncoding = 4; lastKnownFileType = sourcecode.swift; path = VIPDetailViewController.swift; sourceTree = "<group>"; };
		C4612E821E03B20F00B79331 /* Taobao.storyboard */ = {isa = PBXFileReference; fileEncoding = 4; lastKnownFileType = file.storyboard; path = Taobao.storyboard; sourceTree = "<group>"; };
		C4612E841E03B2B100B79331 /* Recommend.storyboard */ = {isa = PBXFileReference; fileEncoding = 4; lastKnownFileType = file.storyboard; path = Recommend.storyboard; sourceTree = "<group>"; };
		C4612E871E03B2D800B79331 /* Selfchoose.storyboard */ = {isa = PBXFileReference; fileEncoding = 4; lastKnownFileType = file.storyboard; path = Selfchoose.storyboard; sourceTree = "<group>"; };
		C4612E891E03B34300B79331 /* TaobaoNavigationController.swift */ = {isa = PBXFileReference; fileEncoding = 4; lastKnownFileType = sourcecode.swift; path = TaobaoNavigationController.swift; sourceTree = "<group>"; };
		C4612E8B1E03B35C00B79331 /* RecommendNavigationController.swift */ = {isa = PBXFileReference; fileEncoding = 4; lastKnownFileType = sourcecode.swift; path = RecommendNavigationController.swift; sourceTree = "<group>"; };
		C4612E8D1E03B36E00B79331 /* SelfchooseNavigationController.swift */ = {isa = PBXFileReference; fileEncoding = 4; lastKnownFileType = sourcecode.swift; path = SelfchooseNavigationController.swift; sourceTree = "<group>"; };
		C4BB41041DFBC8EE00B01055 /* Report.storyboard */ = {isa = PBXFileReference; fileEncoding = 4; lastKnownFileType = file.storyboard; path = Report.storyboard; sourceTree = "<group>"; };
		C4BB41061DFBC92300B01055 /* ReportViewController.swift */ = {isa = PBXFileReference; fileEncoding = 4; lastKnownFileType = sourcecode.swift; path = ReportViewController.swift; sourceTree = "<group>"; };
		C4BB41081DFBC96A00B01055 /* ReportNavigationController.swift */ = {isa = PBXFileReference; fileEncoding = 4; lastKnownFileType = sourcecode.swift; path = ReportNavigationController.swift; sourceTree = "<group>"; };
		C4BB410A1DFBD38A00B01055 /* ReportTableViewCell.swift */ = {isa = PBXFileReference; fileEncoding = 4; lastKnownFileType = sourcecode.swift; path = ReportTableViewCell.swift; sourceTree = "<group>"; };
		C4BB410C1DFBD3F000B01055 /* ReportListTableViewController.swift */ = {isa = PBXFileReference; fileEncoding = 4; lastKnownFileType = sourcecode.swift; path = ReportListTableViewController.swift; sourceTree = "<group>"; };
		C4BB410E1DFC724300B01055 /* MainTabBarController.swift */ = {isa = PBXFileReference; fileEncoding = 4; lastKnownFileType = sourcecode.swift; path = MainTabBarController.swift; sourceTree = "<group>"; };
		C4BB41101DFC775200B01055 /* zluev.png */ = {isa = PBXFileReference; lastKnownFileType = image.png; name = zluev.png; path = media/zluev.png; sourceTree = "<group>"; };
		C4BB41121DFCF19100B01055 /* 报表.png */ = {isa = PBXFileReference; lastKnownFileType = image.png; name = "报表.png"; path = "media/报表.png"; sourceTree = "<group>"; };
		C4BB41151DFD199900B01055 /* 层级头像.png */ = {isa = PBXFileReference; lastKnownFileType = image.png; name = "层级头像.png"; path = "media/图标24X26/层级头像.png"; sourceTree = "<group>"; };
		C4BB41161DFD199900B01055 /* 订单明细.png */ = {isa = PBXFileReference; lastKnownFileType = image.png; name = "订单明细.png"; path = "media/图标24X26/订单明细.png"; sourceTree = "<group>"; };
		C4BB41171DFD199900B01055 /* 关于.png */ = {isa = PBXFileReference; lastKnownFileType = image.png; name = "关于.png"; path = "media/图标24X26/关于.png"; sourceTree = "<group>"; };
		C4BB41181DFD199900B01055 /* 密码.png */ = {isa = PBXFileReference; lastKnownFileType = image.png; name = "密码.png"; path = "media/图标24X26/密码.png"; sourceTree = "<group>"; };
		C4BB411A1DFD199900B01055 /* 手机号.png */ = {isa = PBXFileReference; lastKnownFileType = image.png; name = "手机号.png"; path = "media/图标24X26/手机号.png"; sourceTree = "<group>"; };
		C4BB411B1DFD199900B01055 /* 刷新.png */ = {isa = PBXFileReference; lastKnownFileType = image.png; name = "刷新.png"; path = "media/图标24X26/刷新.png"; sourceTree = "<group>"; };
		C4BB411C1DFD199900B01055 /* 搜索.png */ = {isa = PBXFileReference; lastKnownFileType = image.png; name = "搜索.png"; path = "media/图标24X26/搜索.png"; sourceTree = "<group>"; };
		C4BB411D1DFD199900B01055 /* 淘宝.png */ = {isa = PBXFileReference; lastKnownFileType = image.png; name = "淘宝.png"; path = "media/图标24X26/淘宝.png"; sourceTree = "<group>"; };
		C4BB411E1DFD199900B01055 /* 微信.png */ = {isa = PBXFileReference; lastKnownFileType = image.png; name = "微信.png"; path = "media/图标24X26/微信.png"; sourceTree = "<group>"; };
		C4BB411F1DFD199900B01055 /* 我的邀请.png */ = {isa = PBXFileReference; lastKnownFileType = image.png; name = "我的邀请.png"; path = "media/图标24X26/我的邀请.png"; sourceTree = "<group>"; };
		C4BB41201DFD199900B01055 /* 系统消息.png */ = {isa = PBXFileReference; lastKnownFileType = image.png; name = "系统消息.png"; path = "media/图标24X26/系统消息.png"; sourceTree = "<group>"; };
		C4BB41211DFD199900B01055 /* 系统消息主图标.png */ = {isa = PBXFileReference; lastKnownFileType = image.png; name = "系统消息主图标.png"; path = "media/图标24X26/系统消息主图标.png"; sourceTree = "<group>"; };
		C4BB41221DFD199900B01055 /* 新手引导.png */ = {isa = PBXFileReference; lastKnownFileType = image.png; name = "新手引导.png"; path = "media/图标24X26/新手引导.png"; sourceTree = "<group>"; };
		C4BB41231DFD199900B01055 /* 眼睛.png */ = {isa = PBXFileReference; lastKnownFileType = image.png; name = "眼睛.png"; path = "media/图标24X26/眼睛.png"; sourceTree = "<group>"; };
		C4BB41241DFD199900B01055 /* 邀请码.png */ = {isa = PBXFileReference; lastKnownFileType = image.png; name = "邀请码.png"; path = "media/图标24X26/邀请码.png"; sourceTree = "<group>"; };
		C4BB41251DFD199900B01055 /* 账单.png */ = {isa = PBXFileReference; lastKnownFileType = image.png; name = "账单.png"; path = "media/图标24X26/账单.png"; sourceTree = "<group>"; };
		C4BB41261DFD199900B01055 /* QQ.png */ = {isa = PBXFileReference; lastKnownFileType = image.png; name = QQ.png; path = "media/图标24X26/QQ.png"; sourceTree = "<group>"; };
		C4BB41271DFD199900B01055 /* VIP.png */ = {isa = PBXFileReference; lastKnownFileType = image.png; name = VIP.png; path = "media/图标24X26/VIP.png"; sourceTree = "<group>"; };
		C4BB413B1DFD1C2D00B01055 /* 报表焦点.png */ = {isa = PBXFileReference; lastKnownFileType = image.png; name = "报表焦点.png"; path = "media/图标24X26/其他图标/报表焦点.png"; sourceTree = "<group>"; };
		C4BB413C1DFD1C2D00B01055 /* 报表默认.png */ = {isa = PBXFileReference; lastKnownFileType = image.png; name = "报表默认.png"; path = "media/图标24X26/其他图标/报表默认.png"; sourceTree = "<group>"; };
		C4BB413D1DFD1C2D00B01055 /* 默认头像.png */ = {isa = PBXFileReference; lastKnownFileType = image.png; name = "默认头像.png"; path = "media/图标24X26/其他图标/默认头像.png"; sourceTree = "<group>"; };
		C4BB413E1DFD1C2D00B01055 /* 商城焦点.png */ = {isa = PBXFileReference; lastKnownFileType = image.png; name = "商城焦点.png"; path = "media/图标24X26/其他图标/商城焦点.png"; sourceTree = "<group>"; };
		C4BB413F1DFD1C2D00B01055 /* 商城默认.png */ = {isa = PBXFileReference; lastKnownFileType = image.png; name = "商城默认.png"; path = "media/图标24X26/其他图标/商城默认.png"; sourceTree = "<group>"; };
		C4BB41401DFD1C2D00B01055 /* 首页焦点.png */ = {isa = PBXFileReference; lastKnownFileType = image.png; name = "首页焦点.png"; path = "media/图标24X26/其他图标/首页焦点.png"; sourceTree = "<group>"; };
		C4BB41411DFD1C2D00B01055 /* 首页默认.png */ = {isa = PBXFileReference; lastKnownFileType = image.png; name = "首页默认.png"; path = "media/图标24X26/其他图标/首页默认.png"; sourceTree = "<group>"; };
		C4BB41421DFD1C2D00B01055 /* 我的焦点.png */ = {isa = PBXFileReference; lastKnownFileType = image.png; name = "我的焦点.png"; path = "media/图标24X26/其他图标/我的焦点.png"; sourceTree = "<group>"; };
		C4BB41431DFD1C2D00B01055 /* 我的默认.png */ = {isa = PBXFileReference; lastKnownFileType = image.png; name = "我的默认.png"; path = "media/图标24X26/其他图标/我的默认.png"; sourceTree = "<group>"; };
		C4BB41441DFD1C2D00B01055 /* 注册成功.png */ = {isa = PBXFileReference; lastKnownFileType = image.png; name = "注册成功.png"; path = "media/图标24X26/其他图标/注册成功.png"; sourceTree = "<group>"; };
		C4BB41501DFD23C000B01055 /* SelfViewController.swift */ = {isa = PBXFileReference; fileEncoding = 4; lastKnownFileType = sourcecode.swift; path = SelfViewController.swift; sourceTree = "<group>"; };
		C4BB41521DFD328800B01055 /* StartRegisterViewController.swift */ = {isa = PBXFileReference; fileEncoding = 4; lastKnownFileType = sourcecode.swift; path = StartRegisterViewController.swift; sourceTree = "<group>"; };
		C4BB41541DFD3A6200B01055 /* BuyVIPViewController.swift */ = {isa = PBXFileReference; fileEncoding = 4; lastKnownFileType = sourcecode.swift; path = BuyVIPViewController.swift; sourceTree = "<group>"; };
		C4BB41561DFD7EB100B01055 /* HuitaoViewController.swift */ = {isa = PBXFileReference; fileEncoding = 4; lastKnownFileType = sourcecode.swift; path = HuitaoViewController.swift; sourceTree = "<group>"; };
		C4BB41581DFD832A00B01055 /* lanjs_s.js */ = {isa = PBXFileReference; fileEncoding = 4; lastKnownFileType = sourcecode.javascript; path = lanjs_s.js; sourceTree = "<group>"; };
		C4E3AAB91E010C0100564EC3 /* SwiftJavascriptBridge.swift */ = {isa = PBXFileReference; fileEncoding = 4; lastKnownFileType = sourcecode.swift; path = SwiftJavascriptBridge.swift; sourceTree = "<group>"; };
		DCB045131DDF40280014D479 /* IOSrome.app */ = {isa = PBXFileReference; explicitFileType = wrapper.application; includeInIndex = 0; path = IOSrome.app; sourceTree = BUILT_PRODUCTS_DIR; };
		DCB045161DDF40280014D479 /* AppDelegate.swift */ = {isa = PBXFileReference; lastKnownFileType = sourcecode.swift; path = AppDelegate.swift; sourceTree = "<group>"; };
		DCB045181DDF40280014D479 /* ViewController.swift */ = {isa = PBXFileReference; lastKnownFileType = sourcecode.swift; path = ViewController.swift; sourceTree = "<group>"; };
		DCB0451B1DDF40280014D479 /* Base */ = {isa = PBXFileReference; lastKnownFileType = file.storyboard; name = Base; path = Base.lproj/Main.storyboard; sourceTree = "<group>"; };
		DCB0451E1DDF40280014D479 /* IOSrome.xcdatamodel */ = {isa = PBXFileReference; lastKnownFileType = wrapper.xcdatamodel; path = IOSrome.xcdatamodel; sourceTree = "<group>"; };
		DCB045201DDF40280014D479 /* Assets.xcassets */ = {isa = PBXFileReference; lastKnownFileType = folder.assetcatalog; path = Assets.xcassets; sourceTree = "<group>"; };
		DCB045231DDF40280014D479 /* Base */ = {isa = PBXFileReference; lastKnownFileType = file.storyboard; name = Base; path = Base.lproj/LaunchScreen.storyboard; sourceTree = "<group>"; };
		DCB045251DDF40280014D479 /* Info.plist */ = {isa = PBXFileReference; lastKnownFileType = text.plist.xml; path = Info.plist; sourceTree = "<group>"; };
/* End PBXFileReference section */

/* Begin PBXFrameworksBuildPhase section */
		DCB045101DDF40280014D479 /* Frameworks */ = {
			isa = PBXFrameworksBuildPhase;
			buildActionMask = 2147483647;
			files = (
				C40BE71E1DF86F8300F6C200 /* libz.tbd in Frameworks */,
				C40BE71C1DF86F6E00F6C200 /* SystemConfiguration.framework in Frameworks */,
				C40BE71A1DF86F6900F6C200 /* CoreTelephony.framework in Frameworks */,
				C40BE7181DF86F6300F6C200 /* libsqlite3.tbd in Frameworks */,
				C40BE7161DF86F5D00F6C200 /* libstdc++.tbd in Frameworks */,
				C40BE7131DF86E2800F6C200 /* libWeChatSDK.a in Frameworks */,
			);
			runOnlyForDeploymentPostprocessing = 0;
		};
/* End PBXFrameworksBuildPhase section */

/* Begin PBXGroup section */
		C40BE70F1DF86E0000F6C200 /* WXSDK */ = {
			isa = PBXGroup;
			children = (
				C40BE7101DF86E2800F6C200 /* libWeChatSDK.a */,
				C40BE7111DF86E2800F6C200 /* WXApi.h */,
				C40BE7121DF86E2800F6C200 /* WXApiObject.h */,
			);
			name = WXSDK;
			sourceTree = "<group>";
		};
		C40BE7141DF86F5D00F6C200 /* Frameworks */ = {
			isa = PBXGroup;
			children = (
				C40BE71D1DF86F8300F6C200 /* libz.tbd */,
				C40BE71B1DF86F6E00F6C200 /* SystemConfiguration.framework */,
				C40BE7191DF86F6900F6C200 /* CoreTelephony.framework */,
				C40BE7171DF86F6300F6C200 /* libsqlite3.tbd */,
				C40BE7151DF86F5D00F6C200 /* libstdc++.tbd */,
			);
			name = Frameworks;
			sourceTree = "<group>";
		};
		C40BE7201DF94CA600F6C200 /* user */ = {
			isa = PBXGroup;
			children = (
				C40BE6B21DF660AA00F6C200 /* UserCenter.storyboard */,
				C4BB41521DFD328800B01055 /* StartRegisterViewController.swift */,
				C40BE6AE1DF51DA900F6C200 /* RegisterViewController.swift */,
				C40BE6B41DF6621900F6C200 /* LoginViewController.swift */,
				C40BE7321DF9B3B400F6C200 /* UserCenterViewController.swift */,
				C40BE75D1DFB1B0E00F6C200 /* BillTableViewCell.swift */,
				C40BE7661DFB268400F6C200 /* BillListTableViewController.swift */,
				C40BE76C1DFB2C3E00F6C200 /* MessageTableViewCell.swift */,
				C40BE76A1DFB2BCA00F6C200 /* MessageListTableViewController.swift */,
				C4BB41541DFD3A6200B01055 /* BuyVIPViewController.swift */,
				C4612E801E01445B00B79331 /* VIPDetailViewController.swift */,
			);
			name = user;
			sourceTree = "<group>";
		};
		C40BE7231DF951DE00F6C200 /* stdlibs */ = {
			isa = PBXGroup;
			children = (
			);
			name = stdlibs;
			sourceTree = "<group>";
		};
		C40BE7281DF96E7800F6C200 /* media */ = {
			isa = PBXGroup;
			children = (
				DCB045201DDF40280014D479 /* Assets.xcassets */,
				C40BE7291DF96E8000F6C200 /* image */,
			);
			name = media;
			sourceTree = "<group>";
		};
		C40BE7291DF96E8000F6C200 /* image */ = {
			isa = PBXGroup;
			children = (
				C4BB41141DFD196C00B01055 /* 24X26 */,
				C4BB41121DFCF19100B01055 /* 报表.png */,
				C4BB41101DFC775200B01055 /* zluev.png */,
				C40BE7701DFBC3EF00F6C200 /* fake_buy_vip.png */,
				C40BE76E1DFB2D1600F6C200 /* fake_message_detail.png */,
				C40BE75B1DFB19BB00F6C200 /* fake_bill_detail.png */,
				C40BE7591DFB16F000F6C200 /* background_invitation_overview.png */,
				C40BE7571DFB156D00F6C200 /* fake_bill.png */,
				C40BE7551DFB144100F6C200 /* eye.png */,
				C40BE7531DFB11F000F6C200 /* fake_repay_rule.png */,
				C40BE7511DFA9A4D00F6C200 /* tiny_user_head.png */,
				C40BE74F1DFA772D00F6C200 /* fake_message.png */,
				C40BE74D1DFA76CD00F6C200 /* fake_tutorial.png */,
				C40BE74B1DFA764B00F6C200 /* fake_invitation.png */,
				C40BE7491DFA5C2800F6C200 /* fake_about_us.png */,
				C40BE73E1DFA4BCE00F6C200 /* user_center_about_us.png */,
				C40BE73F1DFA4BCE00F6C200 /* user_center_system_message.png */,
				C40BE7401DFA4BCE00F6C200 /* user_center_tutorial.png */,
				C40BE7411DFA4BCE00F6C200 /* user_center_user_icon.png */,
				C40BE73C1DFA4A3F00F6C200 /* user_center_my_invitation.png */,
				C40BE73A1DFA3DF800F6C200 /* user_center_vip.png */,
				C40BE7381DF9D07E00F6C200 /* back0.png */,
				C40BE7361DF9D01100F6C200 /* tiny0.png */,
				C40BE72A1DF96F0500F6C200 /* 1启动页.jpg */,
			);
			name = image;
			sourceTree = "<group>";
		};
		C40BE72C1DF9B1B100F6C200 /* main */ = {
			isa = PBXGroup;
			children = (
				DCB045161DDF40280014D479 /* AppDelegate.swift */,
				DCB045221DDF40280014D479 /* LaunchScreen.storyboard */,
				DCB0451A1DDF40280014D479 /* Main.storyboard */,
				C4BB410E1DFC724300B01055 /* MainTabBarController.swift */,
				C4612E891E03B34300B79331 /* TaobaoNavigationController.swift */,
				C4612E8B1E03B35C00B79331 /* RecommendNavigationController.swift */,
				C4612E8D1E03B36E00B79331 /* SelfchooseNavigationController.swift */,
				C4BB41081DFBC96A00B01055 /* ReportNavigationController.swift */,
				C40BE7341DF9C34000F6C200 /* UserNavigationController.swift */,
				C40BE72D1DF9B1BF00F6C200 /* taobao */,
				C40BE72E1DF9B1D000F6C200 /* market */,
				C4BB414F1DFD23A000B01055 /* selfchoose */,
				C4BB41031DFBC8B500B01055 /* report */,
				C40BE7201DF94CA600F6C200 /* user */,
			);
			name = main;
			sourceTree = "<group>";
		};
		C40BE72D1DF9B1BF00F6C200 /* taobao */ = {
			isa = PBXGroup;
			children = (
				C4612E821E03B20F00B79331 /* Taobao.storyboard */,
				DCB045181DDF40280014D479 /* ViewController.swift */,
				C4BB41561DFD7EB100B01055 /* HuitaoViewController.swift */,
				C4BB41581DFD832A00B01055 /* lanjs_s.js */,
			);
			name = taobao;
			sourceTree = "<group>";
		};
		C40BE72E1DF9B1D000F6C200 /* market */ = {
			isa = PBXGroup;
			children = (
				C4612E841E03B2B100B79331 /* Recommend.storyboard */,
				C40BE6B01DF51DC700F6C200 /* SellViewController.swift */,
			);
			name = market;
			sourceTree = "<group>";
		};
		C40BE72F1DF9B1F300F6C200 /* system */ = {
			isa = PBXGroup;
			children = (
				DCB045251DDF40280014D479 /* Info.plist */,
				DCB0451D1DDF40280014D479 /* IOSrome.xcdatamodeld */,
			);
			name = system;
			sourceTree = "<group>";
		};
		C40BE7301DF9B24800F6C200 /* support */ = {
			isa = PBXGroup;
			children = (
				C4E3AAB81E010BE200564EC3 /* communication */,
				C44E10881E00049D00A716A2 /* swiftsocket */,
				C40BE7311DF9B24F00F6C200 /* oc */,
			);
			name = support;
			sourceTree = "<group>";
		};
		C40BE7311DF9B24F00F6C200 /* oc */ = {
			isa = PBXGroup;
			children = (
				C44630B21DEDD96E0052E83F /* OCFunction.m */,
				C44630B11DEDD96E0052E83F /* IOSrome-Bridging-Header.h */,
				C44630B41DEDDA840052E83F /* CustomeObject.h */,
			);
			name = oc;
			sourceTree = "<group>";
		};
		C40BE7461DFA517E00F6C200 /* global */ = {
			isa = PBXGroup;
			children = (
				C40BE7471DFA521B00F6C200 /* GlobalVariables.swift */,
			);
			name = global;
			sourceTree = "<group>";
		};
		C44E10881E00049D00A716A2 /* swiftsocket */ = {
			isa = PBXGroup;
			children = (
				C44E10891E0004B700A716A2 /* Result.swift */,
				C44E108A1E0004B700A716A2 /* Socket.swift */,
				C44E108B1E0004B700A716A2 /* SwiftSocket.h */,
				C44E108C1E0004B700A716A2 /* TCPClient.swift */,
				C44E108D1E0004B700A716A2 /* UDPClient.swift */,
				C44E108E1E0004B700A716A2 /* ytcpsocket.c */,
				C44E108F1E0004B700A716A2 /* yudpsocket.c */,
			);
			name = swiftsocket;
			sourceTree = "<group>";
		};
		C4BB41031DFBC8B500B01055 /* report */ = {
			isa = PBXGroup;
			children = (
				C4BB41041DFBC8EE00B01055 /* Report.storyboard */,
				C4BB410A1DFBD38A00B01055 /* ReportTableViewCell.swift */,
				C4BB410C1DFBD3F000B01055 /* ReportListTableViewController.swift */,
				C4BB41061DFBC92300B01055 /* ReportViewController.swift */,
			);
			name = report;
			sourceTree = "<group>";
		};
		C4BB41141DFD196C00B01055 /* 24X26 */ = {
			isa = PBXGroup;
			children = (
				C4BB413B1DFD1C2D00B01055 /* 报表焦点.png */,
				C4BB413C1DFD1C2D00B01055 /* 报表默认.png */,
				C4BB413D1DFD1C2D00B01055 /* 默认头像.png */,
				C4BB413E1DFD1C2D00B01055 /* 商城焦点.png */,
				C4BB413F1DFD1C2D00B01055 /* 商城默认.png */,
				C4BB41401DFD1C2D00B01055 /* 首页焦点.png */,
				C4BB41411DFD1C2D00B01055 /* 首页默认.png */,
				C4BB41421DFD1C2D00B01055 /* 我的焦点.png */,
				C4BB41431DFD1C2D00B01055 /* 我的默认.png */,
				C4BB41441DFD1C2D00B01055 /* 注册成功.png */,
				C4BB41151DFD199900B01055 /* 层级头像.png */,
				C4BB41161DFD199900B01055 /* 订单明细.png */,
				C4BB41171DFD199900B01055 /* 关于.png */,
				C4BB41181DFD199900B01055 /* 密码.png */,
				C4BB411A1DFD199900B01055 /* 手机号.png */,
				C4BB411B1DFD199900B01055 /* 刷新.png */,
				C4BB411C1DFD199900B01055 /* 搜索.png */,
				C4BB411D1DFD199900B01055 /* 淘宝.png */,
				C4BB411E1DFD199900B01055 /* 微信.png */,
				C4BB411F1DFD199900B01055 /* 我的邀请.png */,
				C4BB41201DFD199900B01055 /* 系统消息.png */,
				C4BB41211DFD199900B01055 /* 系统消息主图标.png */,
				C4BB41221DFD199900B01055 /* 新手引导.png */,
				C4BB41231DFD199900B01055 /* 眼睛.png */,
				C4BB41241DFD199900B01055 /* 邀请码.png */,
				C4BB41251DFD199900B01055 /* 账单.png */,
				C4BB41261DFD199900B01055 /* QQ.png */,
				C4BB41271DFD199900B01055 /* VIP.png */,
			);
			name = 24X26;
			sourceTree = "<group>";
		};
		C4BB414F1DFD23A000B01055 /* selfchoose */ = {
			isa = PBXGroup;
			children = (
				C4612E871E03B2D800B79331 /* Selfchoose.storyboard */,
				C4BB41501DFD23C000B01055 /* SelfViewController.swift */,
			);
			name = selfchoose;
			sourceTree = "<group>";
		};
		C4E3AAB81E010BE200564EC3 /* communication */ = {
			isa = PBXGroup;
			children = (
				C4E3AAB91E010C0100564EC3 /* SwiftJavascriptBridge.swift */,
			);
			name = communication;
			sourceTree = "<group>";
		};
		DCB0450A1DDF40280014D479 = {
			isa = PBXGroup;
			children = (
				DCB045151DDF40280014D479 /* IOSrome */,
				DCB045141DDF40280014D479 /* Products */,
				C40BE7141DF86F5D00F6C200 /* Frameworks */,
			);
			sourceTree = "<group>";
		};
		DCB045141DDF40280014D479 /* Products */ = {
			isa = PBXGroup;
			children = (
				DCB045131DDF40280014D479 /* IOSrome.app */,
			);
			name = Products;
			sourceTree = "<group>";
		};
		DCB045151DDF40280014D479 /* IOSrome */ = {
			isa = PBXGroup;
			children = (
				C40BE7461DFA517E00F6C200 /* global */,
				C40BE7301DF9B24800F6C200 /* support */,
				C40BE72F1DF9B1F300F6C200 /* system */,
				C40BE72C1DF9B1B100F6C200 /* main */,
				C40BE7281DF96E7800F6C200 /* media */,
				C40BE7231DF951DE00F6C200 /* stdlibs */,
				C40BE70F1DF86E0000F6C200 /* WXSDK */,
			);
			path = IOSrome;
			sourceTree = "<group>";
		};
/* End PBXGroup section */

/* Begin PBXNativeTarget section */
		DCB045121DDF40280014D479 /* IOSrome */ = {
			isa = PBXNativeTarget;
			buildConfigurationList = DCB045281DDF40280014D479 /* Build configuration list for PBXNativeTarget "IOSrome" */;
			buildPhases = (
				DCB0450F1DDF40280014D479 /* Sources */,
				DCB045101DDF40280014D479 /* Frameworks */,
				DCB045111DDF40280014D479 /* Resources */,
			);
			buildRules = (
			);
			dependencies = (
			);
			name = IOSrome;
			productName = IOSrome;
			productReference = DCB045131DDF40280014D479 /* IOSrome.app */;
			productType = "com.apple.product-type.application";
		};
/* End PBXNativeTarget section */

/* Begin PBXProject section */
		DCB0450B1DDF40280014D479 /* Project object */ = {
			isa = PBXProject;
			attributes = {
				LastSwiftUpdateCheck = 0810;
				LastUpgradeCheck = 0820;
				ORGANIZATIONNAME = Lanchitour;
				TargetAttributes = {
					DCB045121DDF40280014D479 = {
						CreatedOnToolsVersion = 8.1;
						DevelopmentTeam = 32XMGVLSBF;
						LastSwiftMigration = 0810;
						ProvisioningStyle = Automatic;
					};
				};
			};
			buildConfigurationList = DCB0450E1DDF40280014D479 /* Build configuration list for PBXProject "IOSrome" */;
			compatibilityVersion = "Xcode 3.2";
			developmentRegion = English;
			hasScannedForEncodings = 0;
			knownRegions = (
				en,
				Base,
			);
			mainGroup = DCB0450A1DDF40280014D479;
			productRefGroup = DCB045141DDF40280014D479 /* Products */;
			projectDirPath = "";
			projectRoot = "";
			targets = (
				DCB045121DDF40280014D479 /* IOSrome */,
			);
		};
/* End PBXProject section */

/* Begin PBXResourcesBuildPhase section */
		DCB045111DDF40280014D479 /* Resources */ = {
			isa = PBXResourcesBuildPhase;
			buildActionMask = 2147483647;
			files = (
				C40BE7441DFA4BCE00F6C200 /* user_center_tutorial.png in Resources */,
				C4BB41591DFD832A00B01055 /* lanjs_s.js in Resources */,
				C40BE7711DFBC3EF00F6C200 /* fake_buy_vip.png in Resources */,
				C40BE7581DFB156D00F6C200 /* fake_bill.png in Resources */,
				C40BE74C1DFA764B00F6C200 /* fake_invitation.png in Resources */,
				C4BB412E1DFD199900B01055 /* 刷新.png in Resources */,
				C4BB412D1DFD199900B01055 /* 手机号.png in Resources */,
				C4BB414B1DFD1C2D00B01055 /* 首页默认.png in Resources */,
				C4BB41301DFD199900B01055 /* 淘宝.png in Resources */,
				C4BB414A1DFD1C2D00B01055 /* 首页焦点.png in Resources */,
				C4BB41331DFD199900B01055 /* 系统消息.png in Resources */,
				C4612E881E03B2D800B79331 /* Selfchoose.storyboard in Resources */,
				C4BB414C1DFD1C2D00B01055 /* 我的焦点.png in Resources */,
				C4612E831E03B20F00B79331 /* Taobao.storyboard in Resources */,
				C40BE73D1DFA4A3F00F6C200 /* user_center_my_invitation.png in Resources */,
				C4BB413A1DFD199900B01055 /* VIP.png in Resources */,
				C4BB41291DFD199900B01055 /* 订单明细.png in Resources */,
				C4BB41051DFBC8EE00B01055 /* Report.storyboard in Resources */,
				C40BE73B1DFA3DF800F6C200 /* user_center_vip.png in Resources */,
				C40BE7541DFB11F000F6C200 /* fake_repay_rule.png in Resources */,
				C4BB412F1DFD199900B01055 /* 搜索.png in Resources */,
				C4BB412B1DFD199900B01055 /* 密码.png in Resources */,
				C40BE74E1DFA76CD00F6C200 /* fake_tutorial.png in Resources */,
				C4BB41321DFD199900B01055 /* 我的邀请.png in Resources */,
				C40BE7421DFA4BCE00F6C200 /* user_center_about_us.png in Resources */,
				C40BE7521DFA9A4D00F6C200 /* tiny_user_head.png in Resources */,
				DCB045241DDF40280014D479 /* LaunchScreen.storyboard in Resources */,
				C40BE75C1DFB19BB00F6C200 /* fake_bill_detail.png in Resources */,
				C40BE76F1DFB2D1600F6C200 /* fake_message_detail.png in Resources */,
				C4BB41451DFD1C2D00B01055 /* 报表焦点.png in Resources */,
				C40BE74A1DFA5C2800F6C200 /* fake_about_us.png in Resources */,
				C40BE7431DFA4BCE00F6C200 /* user_center_system_message.png in Resources */,
				DCB045211DDF40280014D479 /* Assets.xcassets in Resources */,
				C4BB41491DFD1C2D00B01055 /* 商城默认.png in Resources */,
				DCB0451C1DDF40280014D479 /* Main.storyboard in Resources */,
				C4BB41111DFC775200B01055 /* zluev.png in Resources */,
				C4BB41311DFD199900B01055 /* 微信.png in Resources */,
				C4BB41131DFCF19100B01055 /* 报表.png in Resources */,
				C40BE6B31DF660AA00F6C200 /* UserCenter.storyboard in Resources */,
				C40BE7501DFA772D00F6C200 /* fake_message.png in Resources */,
				C4BB41381DFD199900B01055 /* 账单.png in Resources */,
				C4BB41361DFD199900B01055 /* 眼睛.png in Resources */,
				C4BB41371DFD199900B01055 /* 邀请码.png in Resources */,
				C40BE7451DFA4BCE00F6C200 /* user_center_user_icon.png in Resources */,
				C40BE7371DF9D01100F6C200 /* tiny0.png in Resources */,
				C40BE7391DF9D07E00F6C200 /* back0.png in Resources */,
				C4BB412A1DFD199900B01055 /* 关于.png in Resources */,
				C4BB41481DFD1C2D00B01055 /* 商城焦点.png in Resources */,
				C4BB41281DFD199900B01055 /* 层级头像.png in Resources */,
				C4BB41341DFD199900B01055 /* 系统消息主图标.png in Resources */,
				C40BE7561DFB144100F6C200 /* eye.png in Resources */,
				C40BE72B1DF96F0500F6C200 /* 1启动页.jpg in Resources */,
				C4BB41351DFD199900B01055 /* 新手引导.png in Resources */,
				C4BB414E1DFD1C2D00B01055 /* 注册成功.png in Resources */,
				C4BB41391DFD199900B01055 /* QQ.png in Resources */,
				C4BB414D1DFD1C2D00B01055 /* 我的默认.png in Resources */,
				C40BE75A1DFB16F100F6C200 /* background_invitation_overview.png in Resources */,
				C4BB41471DFD1C2D00B01055 /* 默认头像.png in Resources */,
				C4BB41461DFD1C2D00B01055 /* 报表默认.png in Resources */,
				C4612E851E03B2B100B79331 /* Recommend.storyboard in Resources */,
			);
			runOnlyForDeploymentPostprocessing = 0;
		};
/* End PBXResourcesBuildPhase section */

/* Begin PBXSourcesBuildPhase section */
		DCB0450F1DDF40280014D479 /* Sources */ = {
			isa = PBXSourcesBuildPhase;
			buildActionMask = 2147483647;
			files = (
				C40BE7331DF9B3B400F6C200 /* UserCenterViewController.swift in Sources */,
				C40BE6B51DF6621900F6C200 /* LoginViewController.swift in Sources */,
				DCB0451F1DDF40280014D479 /* IOSrome.xcdatamodeld in Sources */,
				C40BE6AF1DF51DA900F6C200 /* RegisterViewController.swift in Sources */,
				C44E10951E0004B700A716A2 /* yudpsocket.c in Sources */,
				C4BB41571DFD7EB100B01055 /* HuitaoViewController.swift in Sources */,
				C4BB41531DFD328800B01055 /* StartRegisterViewController.swift in Sources */,
				C44E10941E0004B700A716A2 /* ytcpsocket.c in Sources */,
				C44E10931E0004B700A716A2 /* UDPClient.swift in Sources */,
				C4E3AABA1E010C0100564EC3 /* SwiftJavascriptBridge.swift in Sources */,
				C4612E8A1E03B34300B79331 /* TaobaoNavigationController.swift in Sources */,
				C44E10901E0004B700A716A2 /* Result.swift in Sources */,
				C40BE75E1DFB1B0E00F6C200 /* BillTableViewCell.swift in Sources */,
				C40BE7481DFA521B00F6C200 /* GlobalVariables.swift in Sources */,
				C4612E811E01445B00B79331 /* VIPDetailViewController.swift in Sources */,
				C4BB41091DFBC96A00B01055 /* ReportNavigationController.swift in Sources */,
				C4BB410D1DFBD3F000B01055 /* ReportListTableViewController.swift in Sources */,
				C4BB41511DFD23C000B01055 /* SelfViewController.swift in Sources */,
				C44E10911E0004B700A716A2 /* Socket.swift in Sources */,
				C40BE76B1DFB2BCA00F6C200 /* MessageListTableViewController.swift in Sources */,
				C40BE76D1DFB2C3E00F6C200 /* MessageTableViewCell.swift in Sources */,
				C4BB41071DFBC92300B01055 /* ReportViewController.swift in Sources */,
				C44E10921E0004B700A716A2 /* TCPClient.swift in Sources */,
				C4BB41551DFD3A6200B01055 /* BuyVIPViewController.swift in Sources */,
				C4612E8E1E03B36E00B79331 /* SelfchooseNavigationController.swift in Sources */,
				C40BE6B11DF51DC700F6C200 /* SellViewController.swift in Sources */,
				C40BE7351DF9C34000F6C200 /* UserNavigationController.swift in Sources */,
				C4612E8C1E03B35C00B79331 /* RecommendNavigationController.swift in Sources */,
				C4BB410F1DFC724300B01055 /* MainTabBarController.swift in Sources */,
				DCB045191DDF40280014D479 /* ViewController.swift in Sources */,
				C4BB410B1DFBD38A00B01055 /* ReportTableViewCell.swift in Sources */,
				DCB045171DDF40280014D479 /* AppDelegate.swift in Sources */,
				C44630B31DEDD96E0052E83F /* OCFunction.m in Sources */,
				C40BE7681DFB268500F6C200 /* BillListTableViewController.swift in Sources */,
			);
			runOnlyForDeploymentPostprocessing = 0;
		};
/* End PBXSourcesBuildPhase section */

/* Begin PBXVariantGroup section */
		DCB0451A1DDF40280014D479 /* Main.storyboard */ = {
			isa = PBXVariantGroup;
			children = (
				DCB0451B1DDF40280014D479 /* Base */,
			);
			name = Main.storyboard;
			sourceTree = "<group>";
		};
		DCB045221DDF40280014D479 /* LaunchScreen.storyboard */ = {
			isa = PBXVariantGroup;
			children = (
				DCB045231DDF40280014D479 /* Base */,
			);
			name = LaunchScreen.storyboard;
			sourceTree = "<group>";
		};
/* End PBXVariantGroup section */

/* Begin XCBuildConfiguration section */
		DCB045261DDF40280014D479 /* Debug */ = {
			isa = XCBuildConfiguration;
			buildSettings = {
				ALWAYS_SEARCH_USER_PATHS = NO;
				CLANG_ANALYZER_NONNULL = YES;
				CLANG_CXX_LANGUAGE_STANDARD = "gnu++0x";
				CLANG_CXX_LIBRARY = "libc++";
				CLANG_ENABLE_MODULES = YES;
				CLANG_ENABLE_OBJC_ARC = YES;
				CLANG_WARN_BOOL_CONVERSION = YES;
				CLANG_WARN_CONSTANT_CONVERSION = YES;
				CLANG_WARN_DIRECT_OBJC_ISA_USAGE = YES_ERROR;
				CLANG_WARN_DOCUMENTATION_COMMENTS = YES;
				CLANG_WARN_EMPTY_BODY = YES;
				CLANG_WARN_ENUM_CONVERSION = YES;
				CLANG_WARN_INFINITE_RECURSION = YES;
				CLANG_WARN_INT_CONVERSION = YES;
				CLANG_WARN_OBJC_ROOT_CLASS = YES_ERROR;
				CLANG_WARN_SUSPICIOUS_MOVE = YES;
				CLANG_WARN_SUSPICIOUS_MOVES = YES;
				CLANG_WARN_UNREACHABLE_CODE = YES;
				CLANG_WARN__DUPLICATE_METHOD_MATCH = YES;
				"CODE_SIGN_IDENTITY[sdk=iphoneos*]" = "iPhone Developer";
				COPY_PHASE_STRIP = NO;
				DEBUG_INFORMATION_FORMAT = dwarf;
				ENABLE_STRICT_OBJC_MSGSEND = YES;
				ENABLE_TESTABILITY = YES;
				GCC_C_LANGUAGE_STANDARD = gnu99;
				GCC_DYNAMIC_NO_PIC = NO;
				GCC_NO_COMMON_BLOCKS = YES;
				GCC_OPTIMIZATION_LEVEL = 0;
				GCC_PREPROCESSOR_DEFINITIONS = (
					"DEBUG=1",
					"$(inherited)",
				);
				GCC_WARN_64_TO_32_BIT_CONVERSION = YES;
				GCC_WARN_ABOUT_RETURN_TYPE = YES_ERROR;
				GCC_WARN_UNDECLARED_SELECTOR = YES;
				GCC_WARN_UNINITIALIZED_AUTOS = YES_AGGRESSIVE;
				GCC_WARN_UNUSED_FUNCTION = YES;
				GCC_WARN_UNUSED_VARIABLE = YES;
				IPHONEOS_DEPLOYMENT_TARGET = 10.1;
				MTL_ENABLE_DEBUG_INFO = YES;
				ONLY_ACTIVE_ARCH = YES;
				SDKROOT = iphoneos;
				SWIFT_ACTIVE_COMPILATION_CONDITIONS = DEBUG;
				SWIFT_OPTIMIZATION_LEVEL = "-Onone";
			};
			name = Debug;
		};
		DCB045271DDF40280014D479 /* Release */ = {
			isa = XCBuildConfiguration;
			buildSettings = {
				ALWAYS_SEARCH_USER_PATHS = NO;
				CLANG_ANALYZER_NONNULL = YES;
				CLANG_CXX_LANGUAGE_STANDARD = "gnu++0x";
				CLANG_CXX_LIBRARY = "libc++";
				CLANG_ENABLE_MODULES = YES;
				CLANG_ENABLE_OBJC_ARC = YES;
				CLANG_WARN_BOOL_CONVERSION = YES;
				CLANG_WARN_CONSTANT_CONVERSION = YES;
				CLANG_WARN_DIRECT_OBJC_ISA_USAGE = YES_ERROR;
				CLANG_WARN_DOCUMENTATION_COMMENTS = YES;
				CLANG_WARN_EMPTY_BODY = YES;
				CLANG_WARN_ENUM_CONVERSION = YES;
				CLANG_WARN_INFINITE_RECURSION = YES;
				CLANG_WARN_INT_CONVERSION = YES;
				CLANG_WARN_OBJC_ROOT_CLASS = YES_ERROR;
				CLANG_WARN_SUSPICIOUS_MOVE = YES;
				CLANG_WARN_SUSPICIOUS_MOVES = YES;
				CLANG_WARN_UNREACHABLE_CODE = YES;
				CLANG_WARN__DUPLICATE_METHOD_MATCH = YES;
				"CODE_SIGN_IDENTITY[sdk=iphoneos*]" = "iPhone Developer";
				COPY_PHASE_STRIP = NO;
				DEBUG_INFORMATION_FORMAT = "dwarf-with-dsym";
				ENABLE_NS_ASSERTIONS = NO;
				ENABLE_STRICT_OBJC_MSGSEND = YES;
				GCC_C_LANGUAGE_STANDARD = gnu99;
				GCC_NO_COMMON_BLOCKS = YES;
				GCC_WARN_64_TO_32_BIT_CONVERSION = YES;
				GCC_WARN_ABOUT_RETURN_TYPE = YES_ERROR;
				GCC_WARN_UNDECLARED_SELECTOR = YES;
				GCC_WARN_UNINITIALIZED_AUTOS = YES_AGGRESSIVE;
				GCC_WARN_UNUSED_FUNCTION = YES;
				GCC_WARN_UNUSED_VARIABLE = YES;
				IPHONEOS_DEPLOYMENT_TARGET = 10.1;
				MTL_ENABLE_DEBUG_INFO = NO;
				SDKROOT = iphoneos;
				SWIFT_OPTIMIZATION_LEVEL = "-Owholemodule";
				VALIDATE_PRODUCT = YES;
			};
			name = Release;
		};
		DCB045291DDF40280014D479 /* Debug */ = {
			isa = XCBuildConfiguration;
			buildSettings = {
				ASSETCATALOG_COMPILER_APPICON_NAME = AppIcon;
				CLANG_ENABLE_MODULES = YES;
				DEVELOPMENT_TEAM = 32XMGVLSBF;
				FRAMEWORK_SEARCH_PATHS = (
					"$(inherited)",
					"$(PROJECT_DIR)/IOSrome",
				);
				INFOPLIST_FILE = IOSrome/Info.plist;
				LD_RUNPATH_SEARCH_PATHS = "$(inherited) @executable_path/Frameworks";
				LIBRARY_SEARCH_PATHS = (
					"$(inherited)",
					"$(PROJECT_DIR)/IOSrome/WeChatSDK",
				);
				PRODUCT_BUNDLE_IDENTIFIER = com.Lan.IOSrome;
				PRODUCT_NAME = "$(TARGET_NAME)";
				SWIFT_OBJC_BRIDGING_HEADER = "IOSrome/IOSrome-Bridging-Header.h";
				SWIFT_OPTIMIZATION_LEVEL = "-Onone";
				SWIFT_VERSION = 3.0;
			};
			name = Debug;
		};
		DCB0452A1DDF40280014D479 /* Release */ = {
			isa = XCBuildConfiguration;
			buildSettings = {
				ASSETCATALOG_COMPILER_APPICON_NAME = AppIcon;
				CLANG_ENABLE_MODULES = YES;
				DEVELOPMENT_TEAM = 32XMGVLSBF;
				FRAMEWORK_SEARCH_PATHS = (
					"$(inherited)",
					"$(PROJECT_DIR)/IOSrome",
				);
				INFOPLIST_FILE = IOSrome/Info.plist;
				LD_RUNPATH_SEARCH_PATHS = "$(inherited) @executable_path/Frameworks";
				LIBRARY_SEARCH_PATHS = (
					"$(inherited)",
					"$(PROJECT_DIR)/IOSrome/WeChatSDK",
				);
				PRODUCT_BUNDLE_IDENTIFIER = com.Lan.IOSrome;
				PRODUCT_NAME = "$(TARGET_NAME)";
				SWIFT_OBJC_BRIDGING_HEADER = "IOSrome/IOSrome-Bridging-Header.h";
				SWIFT_VERSION = 3.0;
			};
			name = Release;
		};
/* End XCBuildConfiguration section */

/* Begin XCConfigurationList section */
		DCB0450E1DDF40280014D479 /* Build configuration list for PBXProject "IOSrome" */ = {
			isa = XCConfigurationList;
			buildConfigurations = (
				DCB045261DDF40280014D479 /* Debug */,
				DCB045271DDF40280014D479 /* Release */,
			);
			defaultConfigurationIsVisible = 0;
			defaultConfigurationName = Release;
		};
		DCB045281DDF40280014D479 /* Build configuration list for PBXNativeTarget "IOSrome" */ = {
			isa = XCConfigurationList;
			buildConfigurations = (
				DCB045291DDF40280014D479 /* Debug */,
				DCB0452A1DDF40280014D479 /* Release */,
			);
			defaultConfigurationIsVisible = 0;
			defaultConfigurationName = Release;
		};
/* End XCConfigurationList section */

/* Begin XCVersionGroup section */
		DCB0451D1DDF40280014D479 /* IOSrome.xcdatamodeld */ = {
			isa = XCVersionGroup;
			children = (
				DCB0451E1DDF40280014D479 /* IOSrome.xcdatamodel */,
			);
			currentVersion = DCB0451E1DDF40280014D479 /* IOSrome.xcdatamodel */;
			path = IOSrome.xcdatamodeld;
			sourceTree = "<group>";
			versionGroupType = wrapper.xcdatamodel;
		};
/* End XCVersionGroup section */
	};
	rootObject = DCB0450B1DDF40280014D479 /* Project object */;
}
